// !$*UTF8*$!
{
	archiveVersion = 1;
	classes = {
	};
	objectVersion = 51;
	objects = {

/* Begin PBXBuildFile section */
		364AE1A62A0C8BF9005E3051 /* TFY_PageDataView.m in Sources */ = {isa = PBXBuildFile; fileRef = 364AE1A52A0C8BF9005E3051 /* TFY_PageDataView.m */; };
		364AE1A92A0C9460005E3051 /* TFY_PageBaseView.m in Sources */ = {isa = PBXBuildFile; fileRef = 364AE1A82A0C9460005E3051 /* TFY_PageBaseView.m */; };
		364AE1AC2A0C94FC005E3051 /* TFY_PageScroller.m in Sources */ = {isa = PBXBuildFile; fileRef = 364AE1AB2A0C94FC005E3051 /* TFY_PageScroller.m */; };
		364AE2322A0C9AC5005E3051 /* WMZDynamicOperatVC.m in Sources */ = {isa = PBXBuildFile; fileRef = 364AE1B12A0C9AC5005E3051 /* WMZDynamicOperatVC.m */; };
		364AE2332A0C9AC5005E3051 /* UseVC.m in Sources */ = {isa = PBXBuildFile; fileRef = 364AE1B32A0C9AC5005E3051 /* UseVC.m */; };
		364AE2342A0C9AC5005E3051 /* GuestureViewController.m in Sources */ = {isa = PBXBuildFile; fileRef = 364AE1B62A0C9AC5005E3051 /* GuestureViewController.m */; };
		364AE2352A0C9AC5005E3051 /* WMZCustomTitleVC.m in Sources */ = {isa = PBXBuildFile; fileRef = 364AE1BB2A0C9AC5005E3051 /* WMZCustomTitleVC.m */; };
		364AE2362A0C9AC5005E3051 /* WMZAttVC.m in Sources */ = {isa = PBXBuildFile; fileRef = 364AE1BE2A0C9AC5005E3051 /* WMZAttVC.m */; };
		364AE2372A0C9AC5005E3051 /* WMZPageUseViewVC.m in Sources */ = {isa = PBXBuildFile; fileRef = 364AE1C22A0C9AC5005E3051 /* WMZPageUseViewVC.m */; };
		364AE2382A0C9AC5005E3051 /* TopSuspensionView.m in Sources */ = {isa = PBXBuildFile; fileRef = 364AE1C32A0C9AC5005E3051 /* TopSuspensionView.m */; };
		364AE2392A0C9AC5005E3051 /* AllPropertiesVC.m in Sources */ = {isa = PBXBuildFile; fileRef = 364AE1C52A0C9AC5005E3051 /* AllPropertiesVC.m */; };
		364AE23A2A0C9AC5005E3051 /* WMZPageFixAllVC.m in Sources */ = {isa = PBXBuildFile; fileRef = 364AE1C92A0C9AC5005E3051 /* WMZPageFixAllVC.m */; };
		364AE23B2A0C9AC5005E3051 /* WMZCustomThreePage.m in Sources */ = {isa = PBXBuildFile; fileRef = 364AE1CD2A0C9AC5005E3051 /* WMZCustomThreePage.m */; };
		364AE23C2A0C9AC5005E3051 /* WMZUsePageVC.m in Sources */ = {isa = PBXBuildFile; fileRef = 364AE1D02A0C9AC5005E3051 /* WMZUsePageVC.m */; };
		364AE23D2A0C9AC5005E3051 /* WMZCustomNormalVC.m in Sources */ = {isa = PBXBuildFile; fileRef = 364AE1D32A0C9AC5005E3051 /* WMZCustomNormalVC.m */; };
		364AE23E2A0C9AC5005E3051 /* WMZFixVC.m in Sources */ = {isa = PBXBuildFile; fileRef = 364AE1D62A0C9AC5005E3051 /* WMZFixVC.m */; };
		364AE23F2A0C9AC5005E3051 /* WMZCustomTwoPage.m in Sources */ = {isa = PBXBuildFile; fileRef = 364AE1D82A0C9AC5005E3051 /* WMZCustomTwoPage.m */; };
		364AE2402A0C9AC5005E3051 /* WMZHeadScalingVC.m in Sources */ = {isa = PBXBuildFile; fileRef = 364AE1DC2A0C9AC5005E3051 /* WMZHeadScalingVC.m */; };
		364AE2412A0C9AC5005E3051 /* WMZPageCustomNaviVC.m in Sources */ = {isa = PBXBuildFile; fileRef = 364AE1DE2A0C9AC5005E3051 /* WMZPageCustomNaviVC.m */; };
		364AE2422A0C9AC5005E3051 /* WMZCustomOnePage.m in Sources */ = {isa = PBXBuildFile; fileRef = 364AE1E22A0C9AC5005E3051 /* WMZCustomOnePage.m */; };
		364AE2432A0C9AC5005E3051 /* WeiBoController.m in Sources */ = {isa = PBXBuildFile; fileRef = 364AE1E72A0C9AC5005E3051 /* WeiBoController.m */; };
		364AE2442A0C9AC5005E3051 /* WeiBoSonController.m in Sources */ = {isa = PBXBuildFile; fileRef = 364AE1E82A0C9AC5005E3051 /* WeiBoSonController.m */; };
		364AE2452A0C9AC5005E3051 /* ReplaceParentVC.m in Sources */ = {isa = PBXBuildFile; fileRef = 364AE1EB2A0C9AC5005E3051 /* ReplaceParentVC.m */; };
		364AE2462A0C9AC5005E3051 /* ReplaceParentSonVC.m in Sources */ = {isa = PBXBuildFile; fileRef = 364AE1EC2A0C9AC5005E3051 /* ReplaceParentSonVC.m */; };
		364AE2472A0C9AC5005E3051 /* WangZheController.m in Sources */ = {isa = PBXBuildFile; fileRef = 364AE1EF2A0C9AC5005E3051 /* WangZheController.m */; };
		364AE2482A0C9AC5005E3051 /* WZSecondController.m in Sources */ = {isa = PBXBuildFile; fileRef = 364AE1F32A0C9AC5005E3051 /* WZSecondController.m */; };
		364AE2492A0C9AC5005E3051 /* WZThirdController.m in Sources */ = {isa = PBXBuildFile; fileRef = 364AE1F42A0C9AC5005E3051 /* WZThirdController.m */; };
		364AE24A2A0C9AC5005E3051 /* SecondNestVC.m in Sources */ = {isa = PBXBuildFile; fileRef = 364AE1F82A0C9AC5005E3051 /* SecondNestVC.m */; };
		364AE24B2A0C9AC5005E3051 /* SecondNextSonVC.m in Sources */ = {isa = PBXBuildFile; fileRef = 364AE1F92A0C9AC5005E3051 /* SecondNextSonVC.m */; };
		364AE24C2A0C9AC5005E3051 /* WMZMeiTuanSonVC.m in Sources */ = {isa = PBXBuildFile; fileRef = 364AE1FD2A0C9AC5005E3051 /* WMZMeiTuanSonVC.m */; };
		364AE24D2A0C9AC5005E3051 /* WMZMeiTuanVC.m in Sources */ = {isa = PBXBuildFile; fileRef = 364AE1FF2A0C9AC5005E3051 /* WMZMeiTuanVC.m */; };
		364AE24E2A0C9AC5005E3051 /* WMZTaoBaoDemo.m in Sources */ = {isa = PBXBuildFile; fileRef = 364AE2022A0C9AC5005E3051 /* WMZTaoBaoDemo.m */; };
		364AE24F2A0C9AC5005E3051 /* WMZCustomAddMenuVC.m in Sources */ = {isa = PBXBuildFile; fileRef = 364AE2052A0C9AC5005E3051 /* WMZCustomAddMenuVC.m */; };
		364AE2502A0C9AC5005E3051 /* WMZPageTitleRightVC.m in Sources */ = {isa = PBXBuildFile; fileRef = 364AE2082A0C9AC5005E3051 /* WMZPageTitleRightVC.m */; };
		364AE2512A0C9AC5005E3051 /* WMZDemoOneSonVC.m in Sources */ = {isa = PBXBuildFile; fileRef = 364AE20B2A0C9AC5005E3051 /* WMZDemoOneSonVC.m */; };
		364AE2522A0C9AC5005E3051 /* WMZDemoOne.m in Sources */ = {isa = PBXBuildFile; fileRef = 364AE20E2A0C9AC5005E3051 /* WMZDemoOne.m */; };
		364AE2532A0C9AC5005E3051 /* WMZPageRadiosVC.m in Sources */ = {isa = PBXBuildFile; fileRef = 364AE2112A0C9AC5005E3051 /* WMZPageRadiosVC.m */; };
		364AE2542A0C9AC5005E3051 /* WMZBackGroundMenuVC.m in Sources */ = {isa = PBXBuildFile; fileRef = 364AE2142A0C9AC5005E3051 /* WMZBackGroundMenuVC.m */; };
		364AE2552A0C9AC5005E3051 /* WMZDemoTwo.m in Sources */ = {isa = PBXBuildFile; fileRef = 364AE2162A0C9AC5005E3051 /* WMZDemoTwo.m */; };
		364AE2572A0C9AC6005E3051 /* TitleVC.m in Sources */ = {isa = PBXBuildFile; fileRef = 364AE21C2A0C9AC5005E3051 /* TitleVC.m */; };
		364AE2582A0C9AC6005E3051 /* UsePageViewController.m in Sources */ = {isa = PBXBuildFile; fileRef = 364AE21F2A0C9AC5005E3051 /* UsePageViewController.m */; };
		364AE25B2A0C9AC6005E3051 /* CollectionViewPopDemo.m in Sources */ = {isa = PBXBuildFile; fileRef = 364AE2292A0C9AC5005E3051 /* CollectionViewPopDemo.m */; };
		364AE25C2A0C9AC6005E3051 /* FixSonVC.m in Sources */ = {isa = PBXBuildFile; fileRef = 364AE22B2A0C9AC5005E3051 /* FixSonVC.m */; };
		364AE25D2A0C9AC6005E3051 /* TopSuspensionVC.m in Sources */ = {isa = PBXBuildFile; fileRef = 364AE22C2A0C9AC5005E3051 /* TopSuspensionVC.m */; };
		364AE25E2A0C9AC6005E3051 /* TestVC.m in Sources */ = {isa = PBXBuildFile; fileRef = 364AE22D2A0C9AC5005E3051 /* TestVC.m */; };
		364AE25F2A0C9AC6005E3051 /* WKViewController.m in Sources */ = {isa = PBXBuildFile; fileRef = 364AE22F2A0C9AC5005E3051 /* WKViewController.m */; };
		36B7C74925B3DC44005D81DF /* Assets.xcassets in Resources */ = {isa = PBXBuildFile; fileRef = 36B7C74825B3DC44005D81DF /* Assets.xcassets */; };
		36B7C74C25B3DC44005D81DF /* LaunchScreen.storyboard in Resources */ = {isa = PBXBuildFile; fileRef = 36B7C74A25B3DC44005D81DF /* LaunchScreen.storyboard */; };
		36B7C74F25B3DC44005D81DF /* main.m in Sources */ = {isa = PBXBuildFile; fileRef = 36B7C74E25B3DC44005D81DF /* main.m */; };
		36B7C75925B3DC45005D81DF /* TFY_PageSegmentControllerTests.m in Sources */ = {isa = PBXBuildFile; fileRef = 36B7C75825B3DC45005D81DF /* TFY_PageSegmentControllerTests.m */; };
		36B7C76425B3DC45005D81DF /* TFY_PageSegmentControllerUITests.m in Sources */ = {isa = PBXBuildFile; fileRef = 36B7C76325B3DC45005D81DF /* TFY_PageSegmentControllerUITests.m */; };
		36B7C77F25B3DCAF005D81DF /* ViewController.m in Sources */ = {isa = PBXBuildFile; fileRef = 36B7C77825B3DCAF005D81DF /* ViewController.m */; };
		36B7C78025B3DCAF005D81DF /* SceneDelegate.m in Sources */ = {isa = PBXBuildFile; fileRef = 36B7C77C25B3DCAF005D81DF /* SceneDelegate.m */; };
		36B7C78125B3DCAF005D81DF /* AppDelegate.m in Sources */ = {isa = PBXBuildFile; fileRef = 36B7C77D25B3DCAF005D81DF /* AppDelegate.m */; };
		36B7C7A525B3DED7005D81DF /* TFY_PageTitleModel.m in Sources */ = {isa = PBXBuildFile; fileRef = 36B7C79025B3DED7005D81DF /* TFY_PageTitleModel.m */; };
		36B7C7A625B3DED7005D81DF /* TFY_PageParam.m in Sources */ = {isa = PBXBuildFile; fileRef = 36B7C79325B3DED7005D81DF /* TFY_PageParam.m */; };
		36B7C7A725B3DED7005D81DF /* TFY_PageMunuView.m in Sources */ = {isa = PBXBuildFile; fileRef = 36B7C79425B3DED7005D81DF /* TFY_PageMunuView.m */; };
		36B7C7A825B3DED7005D81DF /* TFY_PageNavBtn.m in Sources */ = {isa = PBXBuildFile; fileRef = 36B7C79925B3DED7005D81DF /* TFY_PageNavBtn.m */; };
		36B7C7A925B3DED7005D81DF /* TFY_PageLoopView.m in Sources */ = {isa = PBXBuildFile; fileRef = 36B7C79B25B3DED7005D81DF /* TFY_PageLoopView.m */; };
		36B7C7AB25B3DED7005D81DF /* TFY_PageBaseController.m in Sources */ = {isa = PBXBuildFile; fileRef = 36B7C7A025B3DED7005D81DF /* TFY_PageBaseController.m */; };
		51D8496B7D90FAADFF332E28 /* Pods_TFY_PageSegmentController.framework in Frameworks */ = {isa = PBXBuildFile; fileRef = DB2BAF9D8C975BE6EF7E84D8 /* Pods_TFY_PageSegmentController.framework */; };
		546199BD670677B00FB03DFC /* Pods_TFY_PageSegmentController_TFY_PageSegmentControllerUITests.framework in Frameworks */ = {isa = PBXBuildFile; fileRef = 2516ABBB864B53C0AEE3FB88 /* Pods_TFY_PageSegmentController_TFY_PageSegmentControllerUITests.framework */; };
		89281E45A1074C891853486F /* Pods_TFY_PageSegmentControllerTests.framework in Frameworks */ = {isa = PBXBuildFile; fileRef = C0103ED034E8FA621FE00AA4 /* Pods_TFY_PageSegmentControllerTests.framework */; };
/* End PBXBuildFile section */

/* Begin PBXContainerItemProxy section */
		36B7C75525B3DC45005D81DF /* PBXContainerItemProxy */ = {
			isa = PBXContainerItemProxy;
			containerPortal = 36B7C73125B3DC43005D81DF /* Project object */;
			proxyType = 1;
			remoteGlobalIDString = 36B7C73825B3DC43005D81DF;
			remoteInfo = TFY_PageSegmentController;
		};
		36B7C76025B3DC45005D81DF /* PBXContainerItemProxy */ = {
			isa = PBXContainerItemProxy;
			containerPortal = 36B7C73125B3DC43005D81DF /* Project object */;
			proxyType = 1;
			remoteGlobalIDString = 36B7C73825B3DC43005D81DF;
			remoteInfo = TFY_PageSegmentController;
		};
/* End PBXContainerItemProxy section */

/* Begin PBXFileReference section */
		228E7B02EF52CD09E47AE9BC /* Pods-TFY_PageSegmentController.release.xcconfig */ = {isa = PBXFileReference; includeInIndex = 1; lastKnownFileType = text.xcconfig; name = "Pods-TFY_PageSegmentController.release.xcconfig"; path = "Target Support Files/Pods-TFY_PageSegmentController/Pods-TFY_PageSegmentController.release.xcconfig"; sourceTree = "<group>"; };
		239D48CDD5B05914FF3E2A00 /* Pods-TFY_PageSegmentController.debug.xcconfig */ = {isa = PBXFileReference; includeInIndex = 1; lastKnownFileType = text.xcconfig; name = "Pods-TFY_PageSegmentController.debug.xcconfig"; path = "Target Support Files/Pods-TFY_PageSegmentController/Pods-TFY_PageSegmentController.debug.xcconfig"; sourceTree = "<group>"; };
		2516ABBB864B53C0AEE3FB88 /* Pods_TFY_PageSegmentController_TFY_PageSegmentControllerUITests.framework */ = {isa = PBXFileReference; explicitFileType = wrapper.framework; includeInIndex = 0; path = Pods_TFY_PageSegmentController_TFY_PageSegmentControllerUITests.framework; sourceTree = BUILT_PRODUCTS_DIR; };
		364AE1A12A0C863C005E3051 /* TFY_PageProtocol.h */ = {isa = PBXFileReference; lastKnownFileType = sourcecode.c.h; path = TFY_PageProtocol.h; sourceTree = "<group>"; };
		364AE1A22A0C86E9005E3051 /* TFY_PageConfig.h */ = {isa = PBXFileReference; lastKnownFileType = sourcecode.c.h; path = TFY_PageConfig.h; sourceTree = "<group>"; };
		364AE1A32A0C8B59005E3051 /* TFY_PageScrollProcotol.h */ = {isa = PBXFileReference; lastKnownFileType = sourcecode.c.h; path = TFY_PageScrollProcotol.h; sourceTree = "<group>"; };
		364AE1A42A0C8BF9005E3051 /* TFY_PageDataView.h */ = {isa = PBXFileReference; lastKnownFileType = sourcecode.c.h; path = TFY_PageDataView.h; sourceTree = "<group>"; };
		364AE1A52A0C8BF9005E3051 /* TFY_PageDataView.m */ = {isa = PBXFileReference; lastKnownFileType = sourcecode.c.objc; path = TFY_PageDataView.m; sourceTree = "<group>"; };
		364AE1A72A0C9460005E3051 /* TFY_PageBaseView.h */ = {isa = PBXFileReference; lastKnownFileType = sourcecode.c.h; path = TFY_PageBaseView.h; sourceTree = "<group>"; };
		364AE1A82A0C9460005E3051 /* TFY_PageBaseView.m */ = {isa = PBXFileReference; lastKnownFileType = sourcecode.c.objc; path = TFY_PageBaseView.m; sourceTree = "<group>"; };
		364AE1AA2A0C94FC005E3051 /* TFY_PageScroller.h */ = {isa = PBXFileReference; lastKnownFileType = sourcecode.c.h; path = TFY_PageScroller.h; sourceTree = "<group>"; };
		364AE1AB2A0C94FC005E3051 /* TFY_PageScroller.m */ = {isa = PBXFileReference; lastKnownFileType = sourcecode.c.objc; path = TFY_PageScroller.m; sourceTree = "<group>"; };
		364AE1B02A0C9AC5005E3051 /* WMZDynamicOperatVC.h */ = {isa = PBXFileReference; fileEncoding = 4; lastKnownFileType = sourcecode.c.h; path = WMZDynamicOperatVC.h; sourceTree = "<group>"; };
		364AE1B12A0C9AC5005E3051 /* WMZDynamicOperatVC.m */ = {isa = PBXFileReference; fileEncoding = 4; lastKnownFileType = sourcecode.c.objc; path = WMZDynamicOperatVC.m; sourceTree = "<group>"; };
		364AE1B32A0C9AC5005E3051 /* UseVC.m */ = {isa = PBXFileReference; fileEncoding = 4; lastKnownFileType = sourcecode.c.objc; path = UseVC.m; sourceTree = "<group>"; };
		364AE1B42A0C9AC5005E3051 /* UseVC.h */ = {isa = PBXFileReference; fileEncoding = 4; lastKnownFileType = sourcecode.c.h; path = UseVC.h; sourceTree = "<group>"; };
		364AE1B62A0C9AC5005E3051 /* GuestureViewController.m */ = {isa = PBXFileReference; fileEncoding = 4; lastKnownFileType = sourcecode.c.objc; path = GuestureViewController.m; sourceTree = "<group>"; };
		364AE1B72A0C9AC5005E3051 /* GuestureViewController.h */ = {isa = PBXFileReference; fileEncoding = 4; lastKnownFileType = sourcecode.c.h; path = GuestureViewController.h; sourceTree = "<group>"; };
		364AE1BA2A0C9AC5005E3051 /* WMZCustomTitleVC.h */ = {isa = PBXFileReference; fileEncoding = 4; lastKnownFileType = sourcecode.c.h; path = WMZCustomTitleVC.h; sourceTree = "<group>"; };
		364AE1BB2A0C9AC5005E3051 /* WMZCustomTitleVC.m */ = {isa = PBXFileReference; fileEncoding = 4; lastKnownFileType = sourcecode.c.objc; path = WMZCustomTitleVC.m; sourceTree = "<group>"; };
		364AE1BD2A0C9AC5005E3051 /* WMZAttVC.h */ = {isa = PBXFileReference; fileEncoding = 4; lastKnownFileType = sourcecode.c.h; path = WMZAttVC.h; sourceTree = "<group>"; };
		364AE1BE2A0C9AC5005E3051 /* WMZAttVC.m */ = {isa = PBXFileReference; fileEncoding = 4; lastKnownFileType = sourcecode.c.objc; path = WMZAttVC.m; sourceTree = "<group>"; };
		364AE1C02A0C9AC5005E3051 /* TopSuspensionView.h */ = {isa = PBXFileReference; fileEncoding = 4; lastKnownFileType = sourcecode.c.h; path = TopSuspensionView.h; sourceTree = "<group>"; };
		364AE1C12A0C9AC5005E3051 /* WMZPageUseViewVC.h */ = {isa = PBXFileReference; fileEncoding = 4; lastKnownFileType = sourcecode.c.h; path = WMZPageUseViewVC.h; sourceTree = "<group>"; };
		364AE1C22A0C9AC5005E3051 /* WMZPageUseViewVC.m */ = {isa = PBXFileReference; fileEncoding = 4; lastKnownFileType = sourcecode.c.objc; path = WMZPageUseViewVC.m; sourceTree = "<group>"; };
		364AE1C32A0C9AC5005E3051 /* TopSuspensionView.m */ = {isa = PBXFileReference; fileEncoding = 4; lastKnownFileType = sourcecode.c.objc; path = TopSuspensionView.m; sourceTree = "<group>"; };
		364AE1C52A0C9AC5005E3051 /* AllPropertiesVC.m */ = {isa = PBXFileReference; fileEncoding = 4; lastKnownFileType = sourcecode.c.objc; path = AllPropertiesVC.m; sourceTree = "<group>"; };
		364AE1C62A0C9AC5005E3051 /* AllPropertiesVC.h */ = {isa = PBXFileReference; fileEncoding = 4; lastKnownFileType = sourcecode.c.h; path = AllPropertiesVC.h; sourceTree = "<group>"; };
		364AE1C92A0C9AC5005E3051 /* WMZPageFixAllVC.m */ = {isa = PBXFileReference; fileEncoding = 4; lastKnownFileType = sourcecode.c.objc; path = WMZPageFixAllVC.m; sourceTree = "<group>"; };
		364AE1CA2A0C9AC5005E3051 /* WMZPageFixAllVC.h */ = {isa = PBXFileReference; fileEncoding = 4; lastKnownFileType = sourcecode.c.h; path = WMZPageFixAllVC.h; sourceTree = "<group>"; };
		364AE1CC2A0C9AC5005E3051 /* WMZCustomThreePage.h */ = {isa = PBXFileReference; fileEncoding = 4; lastKnownFileType = sourcecode.c.h; path = WMZCustomThreePage.h; sourceTree = "<group>"; };
		364AE1CD2A0C9AC5005E3051 /* WMZCustomThreePage.m */ = {isa = PBXFileReference; fileEncoding = 4; lastKnownFileType = sourcecode.c.objc; path = WMZCustomThreePage.m; sourceTree = "<group>"; };
		364AE1CF2A0C9AC5005E3051 /* WMZUsePageVC.h */ = {isa = PBXFileReference; fileEncoding = 4; lastKnownFileType = sourcecode.c.h; path = WMZUsePageVC.h; sourceTree = "<group>"; };
		364AE1D02A0C9AC5005E3051 /* WMZUsePageVC.m */ = {isa = PBXFileReference; fileEncoding = 4; lastKnownFileType = sourcecode.c.objc; path = WMZUsePageVC.m; sourceTree = "<group>"; };
		364AE1D22A0C9AC5005E3051 /* WMZCustomNormalVC.h */ = {isa = PBXFileReference; fileEncoding = 4; lastKnownFileType = sourcecode.c.h; path = WMZCustomNormalVC.h; sourceTree = "<group>"; };
		364AE1D32A0C9AC5005E3051 /* WMZCustomNormalVC.m */ = {isa = PBXFileReference; fileEncoding = 4; lastKnownFileType = sourcecode.c.objc; path = WMZCustomNormalVC.m; sourceTree = "<group>"; };
		364AE1D52A0C9AC5005E3051 /* WMZFixVC.h */ = {isa = PBXFileReference; fileEncoding = 4; lastKnownFileType = sourcecode.c.h; path = WMZFixVC.h; sourceTree = "<group>"; };
		364AE1D62A0C9AC5005E3051 /* WMZFixVC.m */ = {isa = PBXFileReference; fileEncoding = 4; lastKnownFileType = sourcecode.c.objc; path = WMZFixVC.m; sourceTree = "<group>"; };
		364AE1D82A0C9AC5005E3051 /* WMZCustomTwoPage.m */ = {isa = PBXFileReference; fileEncoding = 4; lastKnownFileType = sourcecode.c.objc; path = WMZCustomTwoPage.m; sourceTree = "<group>"; };
		364AE1D92A0C9AC5005E3051 /* WMZCustomTwoPage.h */ = {isa = PBXFileReference; fileEncoding = 4; lastKnownFileType = sourcecode.c.h; path = WMZCustomTwoPage.h; sourceTree = "<group>"; };
		364AE1DB2A0C9AC5005E3051 /* WMZHeadScalingVC.h */ = {isa = PBXFileReference; fileEncoding = 4; lastKnownFileType = sourcecode.c.h; path = WMZHeadScalingVC.h; sourceTree = "<group>"; };
		364AE1DC2A0C9AC5005E3051 /* WMZHeadScalingVC.m */ = {isa = PBXFileReference; fileEncoding = 4; lastKnownFileType = sourcecode.c.objc; path = WMZHeadScalingVC.m; sourceTree = "<group>"; };
		364AE1DE2A0C9AC5005E3051 /* WMZPageCustomNaviVC.m */ = {isa = PBXFileReference; fileEncoding = 4; lastKnownFileType = sourcecode.c.objc; path = WMZPageCustomNaviVC.m; sourceTree = "<group>"; };
		364AE1DF2A0C9AC5005E3051 /* WMZPageCustomNaviVC.h */ = {isa = PBXFileReference; fileEncoding = 4; lastKnownFileType = sourcecode.c.h; path = WMZPageCustomNaviVC.h; sourceTree = "<group>"; };
		364AE1E12A0C9AC5005E3051 /* WMZCustomOnePage.h */ = {isa = PBXFileReference; fileEncoding = 4; lastKnownFileType = sourcecode.c.h; path = WMZCustomOnePage.h; sourceTree = "<group>"; };
		364AE1E22A0C9AC5005E3051 /* WMZCustomOnePage.m */ = {isa = PBXFileReference; fileEncoding = 4; lastKnownFileType = sourcecode.c.objc; path = WMZCustomOnePage.m; sourceTree = "<group>"; };
		364AE1E52A0C9AC5005E3051 /* WeiBoSonController.h */ = {isa = PBXFileReference; fileEncoding = 4; lastKnownFileType = sourcecode.c.h; path = WeiBoSonController.h; sourceTree = "<group>"; };
		364AE1E62A0C9AC5005E3051 /* WeiBoController.h */ = {isa = PBXFileReference; fileEncoding = 4; lastKnownFileType = sourcecode.c.h; path = WeiBoController.h; sourceTree = "<group>"; };
		364AE1E72A0C9AC5005E3051 /* WeiBoController.m */ = {isa = PBXFileReference; fileEncoding = 4; lastKnownFileType = sourcecode.c.objc; path = WeiBoController.m; sourceTree = "<group>"; };
		364AE1E82A0C9AC5005E3051 /* WeiBoSonController.m */ = {isa = PBXFileReference; fileEncoding = 4; lastKnownFileType = sourcecode.c.objc; path = WeiBoSonController.m; sourceTree = "<group>"; };
		364AE1EA2A0C9AC5005E3051 /* ReplaceParentSonVC.h */ = {isa = PBXFileReference; fileEncoding = 4; lastKnownFileType = sourcecode.c.h; path = ReplaceParentSonVC.h; sourceTree = "<group>"; };
		364AE1EB2A0C9AC5005E3051 /* ReplaceParentVC.m */ = {isa = PBXFileReference; fileEncoding = 4; lastKnownFileType = sourcecode.c.objc; path = ReplaceParentVC.m; sourceTree = "<group>"; };
		364AE1EC2A0C9AC5005E3051 /* ReplaceParentSonVC.m */ = {isa = PBXFileReference; fileEncoding = 4; lastKnownFileType = sourcecode.c.objc; path = ReplaceParentSonVC.m; sourceTree = "<group>"; };
		364AE1ED2A0C9AC5005E3051 /* ReplaceParentVC.h */ = {isa = PBXFileReference; fileEncoding = 4; lastKnownFileType = sourcecode.c.h; path = ReplaceParentVC.h; sourceTree = "<group>"; };
		364AE1EF2A0C9AC5005E3051 /* WangZheController.m */ = {isa = PBXFileReference; fileEncoding = 4; lastKnownFileType = sourcecode.c.objc; path = WangZheController.m; sourceTree = "<group>"; };
		364AE1F02A0C9AC5005E3051 /* WZThirdController.h */ = {isa = PBXFileReference; fileEncoding = 4; lastKnownFileType = sourcecode.c.h; path = WZThirdController.h; sourceTree = "<group>"; };
		364AE1F12A0C9AC5005E3051 /* WZSecondController.h */ = {isa = PBXFileReference; fileEncoding = 4; lastKnownFileType = sourcecode.c.h; path = WZSecondController.h; sourceTree = "<group>"; };
		364AE1F22A0C9AC5005E3051 /* WangZheController.h */ = {isa = PBXFileReference; fileEncoding = 4; lastKnownFileType = sourcecode.c.h; path = WangZheController.h; sourceTree = "<group>"; };
		364AE1F32A0C9AC5005E3051 /* WZSecondController.m */ = {isa = PBXFileReference; fileEncoding = 4; lastKnownFileType = sourcecode.c.objc; path = WZSecondController.m; sourceTree = "<group>"; };
		364AE1F42A0C9AC5005E3051 /* WZThirdController.m */ = {isa = PBXFileReference; fileEncoding = 4; lastKnownFileType = sourcecode.c.objc; path = WZThirdController.m; sourceTree = "<group>"; };
		364AE1F62A0C9AC5005E3051 /* SecondNestVC.h */ = {isa = PBXFileReference; fileEncoding = 4; lastKnownFileType = sourcecode.c.h; path = SecondNestVC.h; sourceTree = "<group>"; };
		364AE1F72A0C9AC5005E3051 /* SecondNextSonVC.h */ = {isa = PBXFileReference; fileEncoding = 4; lastKnownFileType = sourcecode.c.h; path = SecondNextSonVC.h; sourceTree = "<group>"; };
		364AE1F82A0C9AC5005E3051 /* SecondNestVC.m */ = {isa = PBXFileReference; fileEncoding = 4; lastKnownFileType = sourcecode.c.objc; path = SecondNestVC.m; sourceTree = "<group>"; };
		364AE1F92A0C9AC5005E3051 /* SecondNextSonVC.m */ = {isa = PBXFileReference; fileEncoding = 4; lastKnownFileType = sourcecode.c.objc; path = SecondNextSonVC.m; sourceTree = "<group>"; };
		364AE1FC2A0C9AC5005E3051 /* WMZMeiTuanVC.h */ = {isa = PBXFileReference; fileEncoding = 4; lastKnownFileType = sourcecode.c.h; path = WMZMeiTuanVC.h; sourceTree = "<group>"; };
		364AE1FD2A0C9AC5005E3051 /* WMZMeiTuanSonVC.m */ = {isa = PBXFileReference; fileEncoding = 4; lastKnownFileType = sourcecode.c.objc; path = WMZMeiTuanSonVC.m; sourceTree = "<group>"; };
		364AE1FE2A0C9AC5005E3051 /* WMZMeiTuanSonVC.h */ = {isa = PBXFileReference; fileEncoding = 4; lastKnownFileType = sourcecode.c.h; path = WMZMeiTuanSonVC.h; sourceTree = "<group>"; };
		364AE1FF2A0C9AC5005E3051 /* WMZMeiTuanVC.m */ = {isa = PBXFileReference; fileEncoding = 4; lastKnownFileType = sourcecode.c.objc; path = WMZMeiTuanVC.m; sourceTree = "<group>"; };
		364AE2012A0C9AC5005E3051 /* WMZTaoBaoDemo.h */ = {isa = PBXFileReference; fileEncoding = 4; lastKnownFileType = sourcecode.c.h; path = WMZTaoBaoDemo.h; sourceTree = "<group>"; };
		364AE2022A0C9AC5005E3051 /* WMZTaoBaoDemo.m */ = {isa = PBXFileReference; fileEncoding = 4; lastKnownFileType = sourcecode.c.objc; path = WMZTaoBaoDemo.m; sourceTree = "<group>"; };
		364AE2042A0C9AC5005E3051 /* WMZCustomAddMenuVC.h */ = {isa = PBXFileReference; fileEncoding = 4; lastKnownFileType = sourcecode.c.h; path = WMZCustomAddMenuVC.h; sourceTree = "<group>"; };
		364AE2052A0C9AC5005E3051 /* WMZCustomAddMenuVC.m */ = {isa = PBXFileReference; fileEncoding = 4; lastKnownFileType = sourcecode.c.objc; path = WMZCustomAddMenuVC.m; sourceTree = "<group>"; };
		364AE2072A0C9AC5005E3051 /* WMZPageTitleRightVC.h */ = {isa = PBXFileReference; fileEncoding = 4; lastKnownFileType = sourcecode.c.h; path = WMZPageTitleRightVC.h; sourceTree = "<group>"; };
		364AE2082A0C9AC5005E3051 /* WMZPageTitleRightVC.m */ = {isa = PBXFileReference; fileEncoding = 4; lastKnownFileType = sourcecode.c.objc; path = WMZPageTitleRightVC.m; sourceTree = "<group>"; };
		364AE20B2A0C9AC5005E3051 /* WMZDemoOneSonVC.m */ = {isa = PBXFileReference; fileEncoding = 4; lastKnownFileType = sourcecode.c.objc; path = WMZDemoOneSonVC.m; sourceTree = "<group>"; };
		364AE20C2A0C9AC5005E3051 /* WMZDemoOne.h */ = {isa = PBXFileReference; fileEncoding = 4; lastKnownFileType = sourcecode.c.h; path = WMZDemoOne.h; sourceTree = "<group>"; };
		364AE20D2A0C9AC5005E3051 /* WMZDemoOneSonVC.h */ = {isa = PBXFileReference; fileEncoding = 4; lastKnownFileType = sourcecode.c.h; path = WMZDemoOneSonVC.h; sourceTree = "<group>"; };
		364AE20E2A0C9AC5005E3051 /* WMZDemoOne.m */ = {isa = PBXFileReference; fileEncoding = 4; lastKnownFileType = sourcecode.c.objc; path = WMZDemoOne.m; sourceTree = "<group>"; };
		364AE2102A0C9AC5005E3051 /* WMZPageRadiosVC.h */ = {isa = PBXFileReference; fileEncoding = 4; lastKnownFileType = sourcecode.c.h; path = WMZPageRadiosVC.h; sourceTree = "<group>"; };
		364AE2112A0C9AC5005E3051 /* WMZPageRadiosVC.m */ = {isa = PBXFileReference; fileEncoding = 4; lastKnownFileType = sourcecode.c.objc; path = WMZPageRadiosVC.m; sourceTree = "<group>"; };
		364AE2132A0C9AC5005E3051 /* WMZBackGroundMenuVC.h */ = {isa = PBXFileReference; fileEncoding = 4; lastKnownFileType = sourcecode.c.h; path = WMZBackGroundMenuVC.h; sourceTree = "<group>"; };
		364AE2142A0C9AC5005E3051 /* WMZBackGroundMenuVC.m */ = {isa = PBXFileReference; fileEncoding = 4; lastKnownFileType = sourcecode.c.objc; path = WMZBackGroundMenuVC.m; sourceTree = "<group>"; };
		364AE2162A0C9AC5005E3051 /* WMZDemoTwo.m */ = {isa = PBXFileReference; fileEncoding = 4; lastKnownFileType = sourcecode.c.objc; path = WMZDemoTwo.m; sourceTree = "<group>"; };
		364AE2172A0C9AC5005E3051 /* WMZDemoTwo.h */ = {isa = PBXFileReference; fileEncoding = 4; lastKnownFileType = sourcecode.c.h; path = WMZDemoTwo.h; sourceTree = "<group>"; };
		364AE21C2A0C9AC5005E3051 /* TitleVC.m */ = {isa = PBXFileReference; fileEncoding = 4; lastKnownFileType = sourcecode.c.objc; path = TitleVC.m; sourceTree = "<group>"; };
		364AE21D2A0C9AC5005E3051 /* TitleVC.h */ = {isa = PBXFileReference; fileEncoding = 4; lastKnownFileType = sourcecode.c.h; path = TitleVC.h; sourceTree = "<group>"; };
		364AE21F2A0C9AC5005E3051 /* UsePageViewController.m */ = {isa = PBXFileReference; fileEncoding = 4; lastKnownFileType = sourcecode.c.objc; path = UsePageViewController.m; sourceTree = "<group>"; };
		364AE2202A0C9AC5005E3051 /* UsePageViewController.h */ = {isa = PBXFileReference; fileEncoding = 4; lastKnownFileType = sourcecode.c.h; path = UsePageViewController.h; sourceTree = "<group>"; };
		364AE2282A0C9AC5005E3051 /* TestVC.h */ = {isa = PBXFileReference; fileEncoding = 4; lastKnownFileType = sourcecode.c.h; path = TestVC.h; sourceTree = "<group>"; };
		364AE2292A0C9AC5005E3051 /* CollectionViewPopDemo.m */ = {isa = PBXFileReference; fileEncoding = 4; lastKnownFileType = sourcecode.c.objc; path = CollectionViewPopDemo.m; sourceTree = "<group>"; };
		364AE22A2A0C9AC5005E3051 /* WKViewController.h */ = {isa = PBXFileReference; fileEncoding = 4; lastKnownFileType = sourcecode.c.h; path = WKViewController.h; sourceTree = "<group>"; };
		364AE22B2A0C9AC5005E3051 /* FixSonVC.m */ = {isa = PBXFileReference; fileEncoding = 4; lastKnownFileType = sourcecode.c.objc; path = FixSonVC.m; sourceTree = "<group>"; };
		364AE22C2A0C9AC5005E3051 /* TopSuspensionVC.m */ = {isa = PBXFileReference; fileEncoding = 4; lastKnownFileType = sourcecode.c.objc; path = TopSuspensionVC.m; sourceTree = "<group>"; };
		364AE22D2A0C9AC5005E3051 /* TestVC.m */ = {isa = PBXFileReference; fileEncoding = 4; lastKnownFileType = sourcecode.c.objc; path = TestVC.m; sourceTree = "<group>"; };
		364AE22E2A0C9AC5005E3051 /* CollectionViewPopDemo.h */ = {isa = PBXFileReference; fileEncoding = 4; lastKnownFileType = sourcecode.c.h; path = CollectionViewPopDemo.h; sourceTree = "<group>"; };
		364AE22F2A0C9AC5005E3051 /* WKViewController.m */ = {isa = PBXFileReference; fileEncoding = 4; lastKnownFileType = sourcecode.c.objc; path = WKViewController.m; sourceTree = "<group>"; };
		364AE2302A0C9AC5005E3051 /* TopSuspensionVC.h */ = {isa = PBXFileReference; fileEncoding = 4; lastKnownFileType = sourcecode.c.h; path = TopSuspensionVC.h; sourceTree = "<group>"; };
		364AE2312A0C9AC5005E3051 /* FixSonVC.h */ = {isa = PBXFileReference; fileEncoding = 4; lastKnownFileType = sourcecode.c.h; path = FixSonVC.h; sourceTree = "<group>"; };
		36B7C73925B3DC43005D81DF /* TFY_PageSegmentController.app */ = {isa = PBXFileReference; explicitFileType = wrapper.application; includeInIndex = 0; path = TFY_PageSegmentController.app; sourceTree = BUILT_PRODUCTS_DIR; };
		36B7C74825B3DC44005D81DF /* Assets.xcassets */ = {isa = PBXFileReference; lastKnownFileType = folder.assetcatalog; path = Assets.xcassets; sourceTree = "<group>"; };
		36B7C74B25B3DC44005D81DF /* Base */ = {isa = PBXFileReference; lastKnownFileType = file.storyboard; name = Base; path = Base.lproj/LaunchScreen.storyboard; sourceTree = "<group>"; };
		36B7C74D25B3DC44005D81DF /* Info.plist */ = {isa = PBXFileReference; lastKnownFileType = text.plist.xml; path = Info.plist; sourceTree = "<group>"; };
		36B7C74E25B3DC44005D81DF /* main.m */ = {isa = PBXFileReference; lastKnownFileType = sourcecode.c.objc; path = main.m; sourceTree = "<group>"; };
		36B7C75425B3DC45005D81DF /* TFY_PageSegmentControllerTests.xctest */ = {isa = PBXFileReference; explicitFileType = wrapper.cfbundle; includeInIndex = 0; path = TFY_PageSegmentControllerTests.xctest; sourceTree = BUILT_PRODUCTS_DIR; };
		36B7C75825B3DC45005D81DF /* TFY_PageSegmentControllerTests.m */ = {isa = PBXFileReference; lastKnownFileType = sourcecode.c.objc; path = TFY_PageSegmentControllerTests.m; sourceTree = "<group>"; };
		36B7C75A25B3DC45005D81DF /* Info.plist */ = {isa = PBXFileReference; lastKnownFileType = text.plist.xml; path = Info.plist; sourceTree = "<group>"; };
		36B7C75F25B3DC45005D81DF /* TFY_PageSegmentControllerUITests.xctest */ = {isa = PBXFileReference; explicitFileType = wrapper.cfbundle; includeInIndex = 0; path = TFY_PageSegmentControllerUITests.xctest; sourceTree = BUILT_PRODUCTS_DIR; };
		36B7C76325B3DC45005D81DF /* TFY_PageSegmentControllerUITests.m */ = {isa = PBXFileReference; lastKnownFileType = sourcecode.c.objc; path = TFY_PageSegmentControllerUITests.m; sourceTree = "<group>"; };
		36B7C76525B3DC45005D81DF /* Info.plist */ = {isa = PBXFileReference; lastKnownFileType = text.plist.xml; path = Info.plist; sourceTree = "<group>"; };
		36B7C77825B3DCAF005D81DF /* ViewController.m */ = {isa = PBXFileReference; fileEncoding = 4; lastKnownFileType = sourcecode.c.objc; path = ViewController.m; sourceTree = "<group>"; };
		36B7C77925B3DCAF005D81DF /* ViewController.h */ = {isa = PBXFileReference; fileEncoding = 4; lastKnownFileType = sourcecode.c.h; path = ViewController.h; sourceTree = "<group>"; };
		36B7C77B25B3DCAF005D81DF /* AppDelegate.h */ = {isa = PBXFileReference; fileEncoding = 4; lastKnownFileType = sourcecode.c.h; path = AppDelegate.h; sourceTree = "<group>"; };
		36B7C77C25B3DCAF005D81DF /* SceneDelegate.m */ = {isa = PBXFileReference; fileEncoding = 4; lastKnownFileType = sourcecode.c.objc; path = SceneDelegate.m; sourceTree = "<group>"; };
		36B7C77D25B3DCAF005D81DF /* AppDelegate.m */ = {isa = PBXFileReference; fileEncoding = 4; lastKnownFileType = sourcecode.c.objc; path = AppDelegate.m; sourceTree = "<group>"; };
		36B7C77E25B3DCAF005D81DF /* SceneDelegate.h */ = {isa = PBXFileReference; fileEncoding = 4; lastKnownFileType = sourcecode.c.h; path = SceneDelegate.h; sourceTree = "<group>"; };
		36B7C78825B3DD1D005D81DF /* TFY_PrefixHeader.pch */ = {isa = PBXFileReference; lastKnownFileType = sourcecode.c.h; path = TFY_PrefixHeader.pch; sourceTree = "<group>"; };
		36B7C78E25B3DED7005D81DF /* TFY_PageTitleModel.h */ = {isa = PBXFileReference; fileEncoding = 4; lastKnownFileType = sourcecode.c.h; path = TFY_PageTitleModel.h; sourceTree = "<group>"; };
		36B7C79025B3DED7005D81DF /* TFY_PageTitleModel.m */ = {isa = PBXFileReference; fileEncoding = 4; lastKnownFileType = sourcecode.c.objc; path = TFY_PageTitleModel.m; sourceTree = "<group>"; };
		36B7C79325B3DED7005D81DF /* TFY_PageParam.m */ = {isa = PBXFileReference; fileEncoding = 4; lastKnownFileType = sourcecode.c.objc; path = TFY_PageParam.m; sourceTree = "<group>"; };
		36B7C79425B3DED7005D81DF /* TFY_PageMunuView.m */ = {isa = PBXFileReference; fileEncoding = 4; lastKnownFileType = sourcecode.c.objc; path = TFY_PageMunuView.m; sourceTree = "<group>"; };
		36B7C79525B3DED7005D81DF /* TFY_PageNavBtn.h */ = {isa = PBXFileReference; fileEncoding = 4; lastKnownFileType = sourcecode.c.h; path = TFY_PageNavBtn.h; sourceTree = "<group>"; };
		36B7C79625B3DED7005D81DF /* TFY_PageParam.h */ = {isa = PBXFileReference; fileEncoding = 4; lastKnownFileType = sourcecode.c.h; path = TFY_PageParam.h; sourceTree = "<group>"; };
		36B7C79725B3DED7005D81DF /* TFY_PageMunuView.h */ = {isa = PBXFileReference; fileEncoding = 4; lastKnownFileType = sourcecode.c.h; path = TFY_PageMunuView.h; sourceTree = "<group>"; };
		36B7C79925B3DED7005D81DF /* TFY_PageNavBtn.m */ = {isa = PBXFileReference; fileEncoding = 4; lastKnownFileType = sourcecode.c.objc; path = TFY_PageNavBtn.m; sourceTree = "<group>"; };
		36B7C79B25B3DED7005D81DF /* TFY_PageLoopView.m */ = {isa = PBXFileReference; fileEncoding = 4; lastKnownFileType = sourcecode.c.objc; path = TFY_PageLoopView.m; sourceTree = "<group>"; };
		36B7C79C25B3DED7005D81DF /* TFY_PageBaseController.h */ = {isa = PBXFileReference; fileEncoding = 4; lastKnownFileType = sourcecode.c.h; path = TFY_PageBaseController.h; sourceTree = "<group>"; };
		36B7C79F25B3DED7005D81DF /* TFY_PageLoopView.h */ = {isa = PBXFileReference; fileEncoding = 4; lastKnownFileType = sourcecode.c.h; path = TFY_PageLoopView.h; sourceTree = "<group>"; };
		36B7C7A025B3DED7005D81DF /* TFY_PageBaseController.m */ = {isa = PBXFileReference; fileEncoding = 4; lastKnownFileType = sourcecode.c.objc; path = TFY_PageBaseController.m; sourceTree = "<group>"; };
		36B7C7A325B3DED7005D81DF /* TFY_PageSegmentKit.h */ = {isa = PBXFileReference; fileEncoding = 4; lastKnownFileType = sourcecode.c.h; path = TFY_PageSegmentKit.h; sourceTree = "<group>"; };
		3A562279C53CB0881F6A8BD4 /* Pods-TFY_PageSegmentController-TFY_PageSegmentControllerUITests.release.xcconfig */ = {isa = PBXFileReference; includeInIndex = 1; lastKnownFileType = text.xcconfig; name = "Pods-TFY_PageSegmentController-TFY_PageSegmentControllerUITests.release.xcconfig"; path = "Target Support Files/Pods-TFY_PageSegmentController-TFY_PageSegmentControllerUITests/Pods-TFY_PageSegmentController-TFY_PageSegmentControllerUITests.release.xcconfig"; sourceTree = "<group>"; };
		5A9B62B594E83D55F31799D4 /* Pods-TFY_PageSegmentControllerTests.release.xcconfig */ = {isa = PBXFileReference; includeInIndex = 1; lastKnownFileType = text.xcconfig; name = "Pods-TFY_PageSegmentControllerTests.release.xcconfig"; path = "Target Support Files/Pods-TFY_PageSegmentControllerTests/Pods-TFY_PageSegmentControllerTests.release.xcconfig"; sourceTree = "<group>"; };
		70AA2D33212117BD59357003 /* Pods-TFY_PageSegmentControllerTests.debug.xcconfig */ = {isa = PBXFileReference; includeInIndex = 1; lastKnownFileType = text.xcconfig; name = "Pods-TFY_PageSegmentControllerTests.debug.xcconfig"; path = "Target Support Files/Pods-TFY_PageSegmentControllerTests/Pods-TFY_PageSegmentControllerTests.debug.xcconfig"; sourceTree = "<group>"; };
		71CF4FA7DEB015A3FAE6AEEB /* Pods-TFY_PageSegmentController-TFY_PageSegmentControllerUITests.debug.xcconfig */ = {isa = PBXFileReference; includeInIndex = 1; lastKnownFileType = text.xcconfig; name = "Pods-TFY_PageSegmentController-TFY_PageSegmentControllerUITests.debug.xcconfig"; path = "Target Support Files/Pods-TFY_PageSegmentController-TFY_PageSegmentControllerUITests/Pods-TFY_PageSegmentController-TFY_PageSegmentControllerUITests.debug.xcconfig"; sourceTree = "<group>"; };
		C0103ED034E8FA621FE00AA4 /* Pods_TFY_PageSegmentControllerTests.framework */ = {isa = PBXFileReference; explicitFileType = wrapper.framework; includeInIndex = 0; path = Pods_TFY_PageSegmentControllerTests.framework; sourceTree = BUILT_PRODUCTS_DIR; };
		DB2BAF9D8C975BE6EF7E84D8 /* Pods_TFY_PageSegmentController.framework */ = {isa = PBXFileReference; explicitFileType = wrapper.framework; includeInIndex = 0; path = Pods_TFY_PageSegmentController.framework; sourceTree = BUILT_PRODUCTS_DIR; };
/* End PBXFileReference section */

/* Begin PBXFrameworksBuildPhase section */
		36B7C73625B3DC43005D81DF /* Frameworks */ = {
			isa = PBXFrameworksBuildPhase;
			buildActionMask = 2147483647;
			files = (
				51D8496B7D90FAADFF332E28 /* Pods_TFY_PageSegmentController.framework in Frameworks */,
			);
			runOnlyForDeploymentPostprocessing = 0;
		};
		36B7C75125B3DC45005D81DF /* Frameworks */ = {
			isa = PBXFrameworksBuildPhase;
			buildActionMask = 2147483647;
			files = (
				89281E45A1074C891853486F /* Pods_TFY_PageSegmentControllerTests.framework in Frameworks */,
			);
			runOnlyForDeploymentPostprocessing = 0;
		};
		36B7C75C25B3DC45005D81DF /* Frameworks */ = {
			isa = PBXFrameworksBuildPhase;
			buildActionMask = 2147483647;
			files = (
				546199BD670677B00FB03DFC /* Pods_TFY_PageSegmentController_TFY_PageSegmentControllerUITests.framework in Frameworks */,
			);
			runOnlyForDeploymentPostprocessing = 0;
		};
/* End PBXFrameworksBuildPhase section */

/* Begin PBXGroup section */
		364AE1AD2A0C9AC5005E3051 /* DemoVC */ = {
			isa = PBXGroup;
			children = (
				364AE1AE2A0C9AC5005E3051 /* UseDemo */,
				364AE2212A0C9AC5005E3051 /* About */,
			);
			path = DemoVC;
			sourceTree = "<group>";
		};
		364AE1AE2A0C9AC5005E3051 /* UseDemo */ = {
			isa = PBXGroup;
			children = (
				364AE1AF2A0C9AC5005E3051 /* 动态增删菜单标题 */,
				364AE1B22A0C9AC5005E3051 /* app使用 */,
				364AE1B52A0C9AC5005E3051 /* 响应侧滑:全屏手势 */,
				364AE1B82A0C9AC5005E3051 /* 自定义标题 */,
				364AE1BF2A0C9AC5005E3051 /* 使用UIView作为底部视图 */,
				364AE1C42A0C9AC5005E3051 /* 全部属性 */,
				364AE1C72A0C9AC5005E3051 /* 悬浮相关 */,
				364AE1E32A0C9AC5005E3051 /* 嵌套使用 */,
				364AE1FA2A0C9AC5005E3051 /* 复杂使用 */,
				364AE2032A0C9AC5005E3051 /* 菜单栏带自定义视图 */,
				364AE2062A0C9AC5005E3051 /* 菜单栏单独使用 */,
				364AE2092A0C9AC5005E3051 /* 菜单特殊样式 */,
				364AE21B2A0C9AC5005E3051 /* 标题样式 */,
				364AE21E2A0C9AC5005E3051 /* 使用TFY_PageBaseView无需继承 */,
			);
			path = UseDemo;
			sourceTree = "<group>";
		};
		364AE1AF2A0C9AC5005E3051 /* 动态增删菜单标题 */ = {
			isa = PBXGroup;
			children = (
				364AE1B02A0C9AC5005E3051 /* WMZDynamicOperatVC.h */,
				364AE1B12A0C9AC5005E3051 /* WMZDynamicOperatVC.m */,
			);
			path = "动态增删菜单标题";
			sourceTree = "<group>";
		};
		364AE1B22A0C9AC5005E3051 /* app使用 */ = {
			isa = PBXGroup;
			children = (
				364AE1B32A0C9AC5005E3051 /* UseVC.m */,
				364AE1B42A0C9AC5005E3051 /* UseVC.h */,
			);
			path = "app使用";
			sourceTree = "<group>";
		};
		364AE1B52A0C9AC5005E3051 /* 响应侧滑:全屏手势 */ = {
			isa = PBXGroup;
			children = (
				364AE1B62A0C9AC5005E3051 /* GuestureViewController.m */,
				364AE1B72A0C9AC5005E3051 /* GuestureViewController.h */,
			);
			path = "响应侧滑:全屏手势";
			sourceTree = "<group>";
		};
		364AE1B82A0C9AC5005E3051 /* 自定义标题 */ = {
			isa = PBXGroup;
			children = (
				364AE1B92A0C9AC5005E3051 /* 自定义 */,
				364AE1BC2A0C9AC5005E3051 /* 富文本 */,
			);
			path = "自定义标题";
			sourceTree = "<group>";
		};
		364AE1B92A0C9AC5005E3051 /* 自定义 */ = {
			isa = PBXGroup;
			children = (
				364AE1BA2A0C9AC5005E3051 /* WMZCustomTitleVC.h */,
				364AE1BB2A0C9AC5005E3051 /* WMZCustomTitleVC.m */,
			);
			path = "自定义";
			sourceTree = "<group>";
		};
		364AE1BC2A0C9AC5005E3051 /* 富文本 */ = {
			isa = PBXGroup;
			children = (
				364AE1BD2A0C9AC5005E3051 /* WMZAttVC.h */,
				364AE1BE2A0C9AC5005E3051 /* WMZAttVC.m */,
			);
			path = "富文本";
			sourceTree = "<group>";
		};
		364AE1BF2A0C9AC5005E3051 /* 使用UIView作为底部视图 */ = {
			isa = PBXGroup;
			children = (
				364AE1C02A0C9AC5005E3051 /* TopSuspensionView.h */,
				364AE1C12A0C9AC5005E3051 /* WMZPageUseViewVC.h */,
				364AE1C22A0C9AC5005E3051 /* WMZPageUseViewVC.m */,
				364AE1C32A0C9AC5005E3051 /* TopSuspensionView.m */,
			);
			path = "使用UIView作为底部视图";
			sourceTree = "<group>";
		};
		364AE1C42A0C9AC5005E3051 /* 全部属性 */ = {
			isa = PBXGroup;
			children = (
				364AE1C52A0C9AC5005E3051 /* AllPropertiesVC.m */,
				364AE1C62A0C9AC5005E3051 /* AllPropertiesVC.h */,
			);
			path = "全部属性";
			sourceTree = "<group>";
		};
		364AE1C72A0C9AC5005E3051 /* 悬浮相关 */ = {
			isa = PBXGroup;
			children = (
				364AE1C82A0C9AC5005E3051 /* 固定全局底部视图 */,
				364AE1CB2A0C9AC5005E3051 /* 导航栏透明度变化+头部刷新 */,
				364AE1CE2A0C9AC5005E3051 /* 实现tableviewDataSource协议写复杂UI */,
				364AE1D12A0C9AC5005E3051 /* 悬浮不带滚动视图 */,
				364AE1D42A0C9AC5005E3051 /* 某个子控制器固定底部 */,
				364AE1D72A0C9AC5005E3051 /* 全局背景色 */,
				364AE1DA2A0C9AC5005E3051 /* 头部放大效果 */,
				364AE1DD2A0C9AC5005E3051 /* 自定义导航栏 */,
				364AE1E02A0C9AC5005E3051 /* 显示导航栏+中间刷新(带WKWebView滚动) */,
			);
			path = "悬浮相关";
			sourceTree = "<group>";
		};
		364AE1C82A0C9AC5005E3051 /* 固定全局底部视图 */ = {
			isa = PBXGroup;
			children = (
				364AE1C92A0C9AC5005E3051 /* WMZPageFixAllVC.m */,
				364AE1CA2A0C9AC5005E3051 /* WMZPageFixAllVC.h */,
			);
			path = "固定全局底部视图";
			sourceTree = "<group>";
		};
		364AE1CB2A0C9AC5005E3051 /* 导航栏透明度变化+头部刷新 */ = {
			isa = PBXGroup;
			children = (
				364AE1CC2A0C9AC5005E3051 /* WMZCustomThreePage.h */,
				364AE1CD2A0C9AC5005E3051 /* WMZCustomThreePage.m */,
			);
			path = "导航栏透明度变化+头部刷新";
			sourceTree = "<group>";
		};
		364AE1CE2A0C9AC5005E3051 /* 实现tableviewDataSource协议写复杂UI */ = {
			isa = PBXGroup;
			children = (
				364AE1CF2A0C9AC5005E3051 /* WMZUsePageVC.h */,
				364AE1D02A0C9AC5005E3051 /* WMZUsePageVC.m */,
			);
			path = "实现tableviewDataSource协议写复杂UI";
			sourceTree = "<group>";
		};
		364AE1D12A0C9AC5005E3051 /* 悬浮不带滚动视图 */ = {
			isa = PBXGroup;
			children = (
				364AE1D22A0C9AC5005E3051 /* WMZCustomNormalVC.h */,
				364AE1D32A0C9AC5005E3051 /* WMZCustomNormalVC.m */,
			);
			path = "悬浮不带滚动视图";
			sourceTree = "<group>";
		};
		364AE1D42A0C9AC5005E3051 /* 某个子控制器固定底部 */ = {
			isa = PBXGroup;
			children = (
				364AE1D52A0C9AC5005E3051 /* WMZFixVC.h */,
				364AE1D62A0C9AC5005E3051 /* WMZFixVC.m */,
			);
			path = "某个子控制器固定底部";
			sourceTree = "<group>";
		};
		364AE1D72A0C9AC5005E3051 /* 全局背景色 */ = {
			isa = PBXGroup;
			children = (
				364AE1D82A0C9AC5005E3051 /* WMZCustomTwoPage.m */,
				364AE1D92A0C9AC5005E3051 /* WMZCustomTwoPage.h */,
			);
			path = "全局背景色";
			sourceTree = "<group>";
		};
		364AE1DA2A0C9AC5005E3051 /* 头部放大效果 */ = {
			isa = PBXGroup;
			children = (
				364AE1DB2A0C9AC5005E3051 /* WMZHeadScalingVC.h */,
				364AE1DC2A0C9AC5005E3051 /* WMZHeadScalingVC.m */,
			);
			path = "头部放大效果";
			sourceTree = "<group>";
		};
		364AE1DD2A0C9AC5005E3051 /* 自定义导航栏 */ = {
			isa = PBXGroup;
			children = (
				364AE1DE2A0C9AC5005E3051 /* WMZPageCustomNaviVC.m */,
				364AE1DF2A0C9AC5005E3051 /* WMZPageCustomNaviVC.h */,
			);
			path = "自定义导航栏";
			sourceTree = "<group>";
		};
		364AE1E02A0C9AC5005E3051 /* 显示导航栏+中间刷新(带WKWebView滚动) */ = {
			isa = PBXGroup;
			children = (
				364AE1E12A0C9AC5005E3051 /* WMZCustomOnePage.h */,
				364AE1E22A0C9AC5005E3051 /* WMZCustomOnePage.m */,
			);
			path = "显示导航栏+中间刷新(带WKWebView滚动)";
			sourceTree = "<group>";
		};
		364AE1E32A0C9AC5005E3051 /* 嵌套使用 */ = {
			isa = PBXGroup;
			children = (
				364AE1E42A0C9AC5005E3051 /* 微博嵌套(导航栏+二级) */,
				364AE1E92A0C9AC5005E3051 /* 悬浮顶掉父级菜单 */,
				364AE1EE2A0C9AC5005E3051 /* 王者营地(三层嵌套) */,
				364AE1F52A0C9AC5005E3051 /* 双重二层嵌套 */,
			);
			path = "嵌套使用";
			sourceTree = "<group>";
		};
		364AE1E42A0C9AC5005E3051 /* 微博嵌套(导航栏+二级) */ = {
			isa = PBXGroup;
			children = (
				364AE1E52A0C9AC5005E3051 /* WeiBoSonController.h */,
				364AE1E62A0C9AC5005E3051 /* WeiBoController.h */,
				364AE1E72A0C9AC5005E3051 /* WeiBoController.m */,
				364AE1E82A0C9AC5005E3051 /* WeiBoSonController.m */,
			);
			path = "微博嵌套(导航栏+二级)";
			sourceTree = "<group>";
		};
		364AE1E92A0C9AC5005E3051 /* 悬浮顶掉父级菜单 */ = {
			isa = PBXGroup;
			children = (
				364AE1EA2A0C9AC5005E3051 /* ReplaceParentSonVC.h */,
				364AE1EB2A0C9AC5005E3051 /* ReplaceParentVC.m */,
				364AE1EC2A0C9AC5005E3051 /* ReplaceParentSonVC.m */,
				364AE1ED2A0C9AC5005E3051 /* ReplaceParentVC.h */,
			);
			path = "悬浮顶掉父级菜单";
			sourceTree = "<group>";
		};
		364AE1EE2A0C9AC5005E3051 /* 王者营地(三层嵌套) */ = {
			isa = PBXGroup;
			children = (
				364AE1EF2A0C9AC5005E3051 /* WangZheController.m */,
				364AE1F02A0C9AC5005E3051 /* WZThirdController.h */,
				364AE1F12A0C9AC5005E3051 /* WZSecondController.h */,
				364AE1F22A0C9AC5005E3051 /* WangZheController.h */,
				364AE1F32A0C9AC5005E3051 /* WZSecondController.m */,
				364AE1F42A0C9AC5005E3051 /* WZThirdController.m */,
			);
			path = "王者营地(三层嵌套)";
			sourceTree = "<group>";
		};
		364AE1F52A0C9AC5005E3051 /* 双重二层嵌套 */ = {
			isa = PBXGroup;
			children = (
				364AE1F62A0C9AC5005E3051 /* SecondNestVC.h */,
				364AE1F72A0C9AC5005E3051 /* SecondNextSonVC.h */,
				364AE1F82A0C9AC5005E3051 /* SecondNestVC.m */,
				364AE1F92A0C9AC5005E3051 /* SecondNextSonVC.m */,
			);
			path = "双重二层嵌套";
			sourceTree = "<group>";
		};
		364AE1FA2A0C9AC5005E3051 /* 复杂使用 */ = {
			isa = PBXGroup;
			children = (
				364AE1FB2A0C9AC5005E3051 /* 美团 */,
				364AE2002A0C9AC5005E3051 /* 淘宝 */,
			);
			path = "复杂使用";
			sourceTree = "<group>";
		};
		364AE1FB2A0C9AC5005E3051 /* 美团 */ = {
			isa = PBXGroup;
			children = (
				364AE1FC2A0C9AC5005E3051 /* WMZMeiTuanVC.h */,
				364AE1FD2A0C9AC5005E3051 /* WMZMeiTuanSonVC.m */,
				364AE1FE2A0C9AC5005E3051 /* WMZMeiTuanSonVC.h */,
				364AE1FF2A0C9AC5005E3051 /* WMZMeiTuanVC.m */,
			);
			path = "美团";
			sourceTree = "<group>";
		};
		364AE2002A0C9AC5005E3051 /* 淘宝 */ = {
			isa = PBXGroup;
			children = (
				364AE2012A0C9AC5005E3051 /* WMZTaoBaoDemo.h */,
				364AE2022A0C9AC5005E3051 /* WMZTaoBaoDemo.m */,
			);
			path = "淘宝";
			sourceTree = "<group>";
		};
		364AE2032A0C9AC5005E3051 /* 菜单栏带自定义视图 */ = {
			isa = PBXGroup;
			children = (
				364AE2042A0C9AC5005E3051 /* WMZCustomAddMenuVC.h */,
				364AE2052A0C9AC5005E3051 /* WMZCustomAddMenuVC.m */,
			);
			path = "菜单栏带自定义视图";
			sourceTree = "<group>";
		};
		364AE2062A0C9AC5005E3051 /* 菜单栏单独使用 */ = {
			isa = PBXGroup;
			children = (
				364AE2072A0C9AC5005E3051 /* WMZPageTitleRightVC.h */,
				364AE2082A0C9AC5005E3051 /* WMZPageTitleRightVC.m */,
			);
			path = "菜单栏单独使用";
			sourceTree = "<group>";
		};
		364AE2092A0C9AC5005E3051 /* 菜单特殊样式 */ = {
			isa = PBXGroup;
			children = (
				364AE20A2A0C9AC5005E3051 /* 作为tabbar */,
				364AE20F2A0C9AC5005E3051 /* 菜单背景圆角 */,
				364AE2122A0C9AC5005E3051 /* 菜单栏带背景图 */,
				364AE2152A0C9AC5005E3051 /* 动态富文本(更新标题) */,
			);
			path = "菜单特殊样式";
			sourceTree = "<group>";
		};
		364AE20A2A0C9AC5005E3051 /* 作为tabbar */ = {
			isa = PBXGroup;
			children = (
				364AE20B2A0C9AC5005E3051 /* WMZDemoOneSonVC.m */,
				364AE20C2A0C9AC5005E3051 /* WMZDemoOne.h */,
				364AE20D2A0C9AC5005E3051 /* WMZDemoOneSonVC.h */,
				364AE20E2A0C9AC5005E3051 /* WMZDemoOne.m */,
			);
			path = "作为tabbar";
			sourceTree = "<group>";
		};
		364AE20F2A0C9AC5005E3051 /* 菜单背景圆角 */ = {
			isa = PBXGroup;
			children = (
				364AE2102A0C9AC5005E3051 /* WMZPageRadiosVC.h */,
				364AE2112A0C9AC5005E3051 /* WMZPageRadiosVC.m */,
			);
			path = "菜单背景圆角";
			sourceTree = "<group>";
		};
		364AE2122A0C9AC5005E3051 /* 菜单栏带背景图 */ = {
			isa = PBXGroup;
			children = (
				364AE2132A0C9AC5005E3051 /* WMZBackGroundMenuVC.h */,
				364AE2142A0C9AC5005E3051 /* WMZBackGroundMenuVC.m */,
			);
			path = "菜单栏带背景图";
			sourceTree = "<group>";
		};
		364AE2152A0C9AC5005E3051 /* 动态富文本(更新标题) */ = {
			isa = PBXGroup;
			children = (
				364AE2162A0C9AC5005E3051 /* WMZDemoTwo.m */,
				364AE2172A0C9AC5005E3051 /* WMZDemoTwo.h */,
			);
			path = "动态富文本(更新标题)";
			sourceTree = "<group>";
		};
		364AE21B2A0C9AC5005E3051 /* 标题样式 */ = {
			isa = PBXGroup;
			children = (
				364AE21C2A0C9AC5005E3051 /* TitleVC.m */,
				364AE21D2A0C9AC5005E3051 /* TitleVC.h */,
			);
			path = "标题样式";
			sourceTree = "<group>";
		};
		364AE21E2A0C9AC5005E3051 /* 使用TFY_PageBaseView无需继承 */ = {
			isa = PBXGroup;
			children = (
				364AE21F2A0C9AC5005E3051 /* UsePageViewController.m */,
				364AE2202A0C9AC5005E3051 /* UsePageViewController.h */,
			);
			path = "使用TFY_PageBaseView无需继承";
			sourceTree = "<group>";
		};
		364AE2212A0C9AC5005E3051 /* About */ = {
			isa = PBXGroup;
			children = (
				364AE2272A0C9AC5005E3051 /* 子控制器 */,
			);
			path = About;
			sourceTree = "<group>";
		};
		364AE2272A0C9AC5005E3051 /* 子控制器 */ = {
			isa = PBXGroup;
			children = (
				364AE2282A0C9AC5005E3051 /* TestVC.h */,
				364AE2292A0C9AC5005E3051 /* CollectionViewPopDemo.m */,
				364AE22A2A0C9AC5005E3051 /* WKViewController.h */,
				364AE22B2A0C9AC5005E3051 /* FixSonVC.m */,
				364AE22C2A0C9AC5005E3051 /* TopSuspensionVC.m */,
				364AE22D2A0C9AC5005E3051 /* TestVC.m */,
				364AE22E2A0C9AC5005E3051 /* CollectionViewPopDemo.h */,
				364AE22F2A0C9AC5005E3051 /* WKViewController.m */,
				364AE2302A0C9AC5005E3051 /* TopSuspensionVC.h */,
				364AE2312A0C9AC5005E3051 /* FixSonVC.h */,
			);
			path = "子控制器";
			sourceTree = "<group>";
		};
		36B7C73025B3DC43005D81DF = {
			isa = PBXGroup;
			children = (
				36B7C73B25B3DC43005D81DF /* TFY_PageSegmentController */,
				36B7C75725B3DC45005D81DF /* TFY_PageSegmentControllerTests */,
				36B7C76225B3DC45005D81DF /* TFY_PageSegmentControllerUITests */,
				36B7C73A25B3DC43005D81DF /* Products */,
				F3898E6D6A0AC8D5E7E778C5 /* Pods */,
				6C77229338793DFEB48FAE42 /* Frameworks */,
			);
			sourceTree = "<group>";
		};
		36B7C73A25B3DC43005D81DF /* Products */ = {
			isa = PBXGroup;
			children = (
				36B7C73925B3DC43005D81DF /* TFY_PageSegmentController.app */,
				36B7C75425B3DC45005D81DF /* TFY_PageSegmentControllerTests.xctest */,
				36B7C75F25B3DC45005D81DF /* TFY_PageSegmentControllerUITests.xctest */,
			);
			name = Products;
			sourceTree = "<group>";
		};
		36B7C73B25B3DC43005D81DF /* TFY_PageSegmentController */ = {
			isa = PBXGroup;
			children = (
				36B7C78C25B3DED7005D81DF /* TFY_PageSegmentKit */,
				36B7C77725B3DCAF005D81DF /* RootCoroller */,
				364AE1AD2A0C9AC5005E3051 /* DemoVC */,
				36B7C77A25B3DCAF005D81DF /* TFY_AppDelegate */,
				36B7C78525B3DD0A005D81DF /* PCH */,
				36B7C74825B3DC44005D81DF /* Assets.xcassets */,
				36B7C74A25B3DC44005D81DF /* LaunchScreen.storyboard */,
				36B7C74D25B3DC44005D81DF /* Info.plist */,
				36B7C74E25B3DC44005D81DF /* main.m */,
			);
			path = TFY_PageSegmentController;
			sourceTree = "<group>";
		};
		36B7C75725B3DC45005D81DF /* TFY_PageSegmentControllerTests */ = {
			isa = PBXGroup;
			children = (
				36B7C75825B3DC45005D81DF /* TFY_PageSegmentControllerTests.m */,
				36B7C75A25B3DC45005D81DF /* Info.plist */,
			);
			path = TFY_PageSegmentControllerTests;
			sourceTree = "<group>";
		};
		36B7C76225B3DC45005D81DF /* TFY_PageSegmentControllerUITests */ = {
			isa = PBXGroup;
			children = (
				36B7C76325B3DC45005D81DF /* TFY_PageSegmentControllerUITests.m */,
				36B7C76525B3DC45005D81DF /* Info.plist */,
			);
			path = TFY_PageSegmentControllerUITests;
			sourceTree = "<group>";
		};
		36B7C77725B3DCAF005D81DF /* RootCoroller */ = {
			isa = PBXGroup;
			children = (
				36B7C77925B3DCAF005D81DF /* ViewController.h */,
				36B7C77825B3DCAF005D81DF /* ViewController.m */,
			);
			path = RootCoroller;
			sourceTree = "<group>";
		};
		36B7C77A25B3DCAF005D81DF /* TFY_AppDelegate */ = {
			isa = PBXGroup;
			children = (
				36B7C77B25B3DCAF005D81DF /* AppDelegate.h */,
				36B7C77D25B3DCAF005D81DF /* AppDelegate.m */,
				36B7C77E25B3DCAF005D81DF /* SceneDelegate.h */,
				36B7C77C25B3DCAF005D81DF /* SceneDelegate.m */,
			);
			path = TFY_AppDelegate;
			sourceTree = "<group>";
		};
		36B7C78525B3DD0A005D81DF /* PCH */ = {
			isa = PBXGroup;
			children = (
				36B7C78825B3DD1D005D81DF /* TFY_PrefixHeader.pch */,
			);
			path = PCH;
			sourceTree = "<group>";
		};
		36B7C78C25B3DED7005D81DF /* TFY_PageSegmentKit */ = {
			isa = PBXGroup;
			children = (
				36B7C79225B3DED7005D81DF /* Param */,
				36B7C79A25B3DED7005D81DF /* CsutomScroller */,
				36B7C7A325B3DED7005D81DF /* TFY_PageSegmentKit.h */,
			);
			path = TFY_PageSegmentKit;
			sourceTree = "<group>";
		};
		36B7C79225B3DED7005D81DF /* Param */ = {
			isa = PBXGroup;
			children = (
				36B7C78E25B3DED7005D81DF /* TFY_PageTitleModel.h */,
				36B7C79025B3DED7005D81DF /* TFY_PageTitleModel.m */,
				364AE1A12A0C863C005E3051 /* TFY_PageProtocol.h */,
				364AE1A22A0C86E9005E3051 /* TFY_PageConfig.h */,
				36B7C79625B3DED7005D81DF /* TFY_PageParam.h */,
				36B7C79325B3DED7005D81DF /* TFY_PageParam.m */,
				36B7C79525B3DED7005D81DF /* TFY_PageNavBtn.h */,
				36B7C79925B3DED7005D81DF /* TFY_PageNavBtn.m */,
				36B7C79725B3DED7005D81DF /* TFY_PageMunuView.h */,
				36B7C79425B3DED7005D81DF /* TFY_PageMunuView.m */,
			);
			path = Param;
			sourceTree = "<group>";
		};
		36B7C79A25B3DED7005D81DF /* CsutomScroller */ = {
			isa = PBXGroup;
			children = (
				364AE1A32A0C8B59005E3051 /* TFY_PageScrollProcotol.h */,
				36B7C79F25B3DED7005D81DF /* TFY_PageLoopView.h */,
				36B7C79B25B3DED7005D81DF /* TFY_PageLoopView.m */,
				36B7C79C25B3DED7005D81DF /* TFY_PageBaseController.h */,
				36B7C7A025B3DED7005D81DF /* TFY_PageBaseController.m */,
				364AE1A42A0C8BF9005E3051 /* TFY_PageDataView.h */,
				364AE1A52A0C8BF9005E3051 /* TFY_PageDataView.m */,
				364AE1AA2A0C94FC005E3051 /* TFY_PageScroller.h */,
				364AE1AB2A0C94FC005E3051 /* TFY_PageScroller.m */,
				364AE1A72A0C9460005E3051 /* TFY_PageBaseView.h */,
				364AE1A82A0C9460005E3051 /* TFY_PageBaseView.m */,
			);
			path = CsutomScroller;
			sourceTree = "<group>";
		};
		6C77229338793DFEB48FAE42 /* Frameworks */ = {
			isa = PBXGroup;
			children = (
				DB2BAF9D8C975BE6EF7E84D8 /* Pods_TFY_PageSegmentController.framework */,
				2516ABBB864B53C0AEE3FB88 /* Pods_TFY_PageSegmentController_TFY_PageSegmentControllerUITests.framework */,
				C0103ED034E8FA621FE00AA4 /* Pods_TFY_PageSegmentControllerTests.framework */,
			);
			name = Frameworks;
			sourceTree = "<group>";
		};
		F3898E6D6A0AC8D5E7E778C5 /* Pods */ = {
			isa = PBXGroup;
			children = (
				239D48CDD5B05914FF3E2A00 /* Pods-TFY_PageSegmentController.debug.xcconfig */,
				228E7B02EF52CD09E47AE9BC /* Pods-TFY_PageSegmentController.release.xcconfig */,
				71CF4FA7DEB015A3FAE6AEEB /* Pods-TFY_PageSegmentController-TFY_PageSegmentControllerUITests.debug.xcconfig */,
				3A562279C53CB0881F6A8BD4 /* Pods-TFY_PageSegmentController-TFY_PageSegmentControllerUITests.release.xcconfig */,
				70AA2D33212117BD59357003 /* Pods-TFY_PageSegmentControllerTests.debug.xcconfig */,
				5A9B62B594E83D55F31799D4 /* Pods-TFY_PageSegmentControllerTests.release.xcconfig */,
			);
			path = Pods;
			sourceTree = "<group>";
		};
/* End PBXGroup section */

/* Begin PBXNativeTarget section */
		36B7C73825B3DC43005D81DF /* TFY_PageSegmentController */ = {
			isa = PBXNativeTarget;
			buildConfigurationList = 36B7C76825B3DC45005D81DF /* Build configuration list for PBXNativeTarget "TFY_PageSegmentController" */;
			buildPhases = (
				0F4D8774519BC0E16D41B70D /* [CP] Check Pods Manifest.lock */,
				36B7C73525B3DC43005D81DF /* Sources */,
				36B7C73625B3DC43005D81DF /* Frameworks */,
				36B7C73725B3DC43005D81DF /* Resources */,
				5DAFF37E59FD06C297D98E49 /* [CP] Embed Pods Frameworks */,
			);
			buildRules = (
			);
			dependencies = (
			);
			name = TFY_PageSegmentController;
			productName = TFY_PageSegmentController;
			productReference = 36B7C73925B3DC43005D81DF /* TFY_PageSegmentController.app */;
			productType = "com.apple.product-type.application";
		};
		36B7C75325B3DC45005D81DF /* TFY_PageSegmentControllerTests */ = {
			isa = PBXNativeTarget;
			buildConfigurationList = 36B7C76B25B3DC45005D81DF /* Build configuration list for PBXNativeTarget "TFY_PageSegmentControllerTests" */;
			buildPhases = (
				A2E237E3B79B519AC8318970 /* [CP] Check Pods Manifest.lock */,
				36B7C75025B3DC45005D81DF /* Sources */,
				36B7C75125B3DC45005D81DF /* Frameworks */,
				36B7C75225B3DC45005D81DF /* Resources */,
			);
			buildRules = (
			);
			dependencies = (
				36B7C75625B3DC45005D81DF /* PBXTargetDependency */,
			);
			name = TFY_PageSegmentControllerTests;
			productName = TFY_PageSegmentControllerTests;
			productReference = 36B7C75425B3DC45005D81DF /* TFY_PageSegmentControllerTests.xctest */;
			productType = "com.apple.product-type.bundle.unit-test";
		};
		36B7C75E25B3DC45005D81DF /* TFY_PageSegmentControllerUITests */ = {
			isa = PBXNativeTarget;
			buildConfigurationList = 36B7C76E25B3DC45005D81DF /* Build configuration list for PBXNativeTarget "TFY_PageSegmentControllerUITests" */;
			buildPhases = (
				393C04AE03DED794B2A4A3B1 /* [CP] Check Pods Manifest.lock */,
				36B7C75B25B3DC45005D81DF /* Sources */,
				36B7C75C25B3DC45005D81DF /* Frameworks */,
				36B7C75D25B3DC45005D81DF /* Resources */,
				B300C23FB0DD446031058B75 /* [CP] Embed Pods Frameworks */,
			);
			buildRules = (
			);
			dependencies = (
				36B7C76125B3DC45005D81DF /* PBXTargetDependency */,
			);
			name = TFY_PageSegmentControllerUITests;
			productName = TFY_PageSegmentControllerUITests;
			productReference = 36B7C75F25B3DC45005D81DF /* TFY_PageSegmentControllerUITests.xctest */;
			productType = "com.apple.product-type.bundle.ui-testing";
		};
/* End PBXNativeTarget section */

/* Begin PBXProject section */
		36B7C73125B3DC43005D81DF /* Project object */ = {
			isa = PBXProject;
			attributes = {
				LastUpgradeCheck = 1230;
				TargetAttributes = {
					36B7C73825B3DC43005D81DF = {
						CreatedOnToolsVersion = 12.3;
					};
					36B7C75325B3DC45005D81DF = {
						CreatedOnToolsVersion = 12.3;
						TestTargetID = 36B7C73825B3DC43005D81DF;
					};
					36B7C75E25B3DC45005D81DF = {
						CreatedOnToolsVersion = 12.3;
						TestTargetID = 36B7C73825B3DC43005D81DF;
					};
				};
			};
			buildConfigurationList = 36B7C73425B3DC43005D81DF /* Build configuration list for PBXProject "TFY_PageSegmentController" */;
			compatibilityVersion = "Xcode 9.3";
			developmentRegion = en;
			hasScannedForEncodings = 0;
			knownRegions = (
				en,
				Base,
			);
			mainGroup = 36B7C73025B3DC43005D81DF;
			productRefGroup = 36B7C73A25B3DC43005D81DF /* Products */;
			projectDirPath = "";
			projectRoot = "";
			targets = (
				36B7C73825B3DC43005D81DF /* TFY_PageSegmentController */,
				36B7C75325B3DC45005D81DF /* TFY_PageSegmentControllerTests */,
				36B7C75E25B3DC45005D81DF /* TFY_PageSegmentControllerUITests */,
			);
		};
/* End PBXProject section */

/* Begin PBXResourcesBuildPhase section */
		36B7C73725B3DC43005D81DF /* Resources */ = {
			isa = PBXResourcesBuildPhase;
			buildActionMask = 2147483647;
			files = (
				36B7C74C25B3DC44005D81DF /* LaunchScreen.storyboard in Resources */,
				36B7C74925B3DC44005D81DF /* Assets.xcassets in Resources */,
			);
			runOnlyForDeploymentPostprocessing = 0;
		};
		36B7C75225B3DC45005D81DF /* Resources */ = {
			isa = PBXResourcesBuildPhase;
			buildActionMask = 2147483647;
			files = (
			);
			runOnlyForDeploymentPostprocessing = 0;
		};
		36B7C75D25B3DC45005D81DF /* Resources */ = {
			isa = PBXResourcesBuildPhase;
			buildActionMask = 2147483647;
			files = (
			);
			runOnlyForDeploymentPostprocessing = 0;
		};
/* End PBXResourcesBuildPhase section */

/* Begin PBXShellScriptBuildPhase section */
		0F4D8774519BC0E16D41B70D /* [CP] Check Pods Manifest.lock */ = {
			isa = PBXShellScriptBuildPhase;
			buildActionMask = 2147483647;
			files = (
			);
			inputFileListPaths = (
			);
			inputPaths = (
				"${PODS_PODFILE_DIR_PATH}/Podfile.lock",
				"${PODS_ROOT}/Manifest.lock",
			);
			name = "[CP] Check Pods Manifest.lock";
			outputFileListPaths = (
			);
			outputPaths = (
				"$(DERIVED_FILE_DIR)/Pods-TFY_PageSegmentController-checkManifestLockResult.txt",
			);
			runOnlyForDeploymentPostprocessing = 0;
			shellPath = /bin/sh;
			shellScript = "diff \"${PODS_PODFILE_DIR_PATH}/Podfile.lock\" \"${PODS_ROOT}/Manifest.lock\" > /dev/null\nif [ $? != 0 ] ; then\n    # print error to STDERR\n    echo \"error: The sandbox is not in sync with the Podfile.lock. Run 'pod install' or update your CocoaPods installation.\" >&2\n    exit 1\nfi\n# This output is used by Xcode 'outputs' to avoid re-running this script phase.\necho \"SUCCESS\" > \"${SCRIPT_OUTPUT_FILE_0}\"\n";
			showEnvVarsInLog = 0;
		};
		393C04AE03DED794B2A4A3B1 /* [CP] Check Pods Manifest.lock */ = {
			isa = PBXShellScriptBuildPhase;
			buildActionMask = 2147483647;
			files = (
			);
			inputFileListPaths = (
			);
			inputPaths = (
				"${PODS_PODFILE_DIR_PATH}/Podfile.lock",
				"${PODS_ROOT}/Manifest.lock",
			);
			name = "[CP] Check Pods Manifest.lock";
			outputFileListPaths = (
			);
			outputPaths = (
				"$(DERIVED_FILE_DIR)/Pods-TFY_PageSegmentController-TFY_PageSegmentControllerUITests-checkManifestLockResult.txt",
			);
			runOnlyForDeploymentPostprocessing = 0;
			shellPath = /bin/sh;
			shellScript = "diff \"${PODS_PODFILE_DIR_PATH}/Podfile.lock\" \"${PODS_ROOT}/Manifest.lock\" > /dev/null\nif [ $? != 0 ] ; then\n    # print error to STDERR\n    echo \"error: The sandbox is not in sync with the Podfile.lock. Run 'pod install' or update your CocoaPods installation.\" >&2\n    exit 1\nfi\n# This output is used by Xcode 'outputs' to avoid re-running this script phase.\necho \"SUCCESS\" > \"${SCRIPT_OUTPUT_FILE_0}\"\n";
			showEnvVarsInLog = 0;
		};
		5DAFF37E59FD06C297D98E49 /* [CP] Embed Pods Frameworks */ = {
			isa = PBXShellScriptBuildPhase;
			buildActionMask = 2147483647;
			files = (
			);
			inputFileListPaths = (
				"${PODS_ROOT}/Target Support Files/Pods-TFY_PageSegmentController/Pods-TFY_PageSegmentController-frameworks-${CONFIGURATION}-input-files.xcfilelist",
			);
			name = "[CP] Embed Pods Frameworks";
			outputFileListPaths = (
				"${PODS_ROOT}/Target Support Files/Pods-TFY_PageSegmentController/Pods-TFY_PageSegmentController-frameworks-${CONFIGURATION}-output-files.xcfilelist",
			);
			runOnlyForDeploymentPostprocessing = 0;
			shellPath = /bin/sh;
			shellScript = "\"${PODS_ROOT}/Target Support Files/Pods-TFY_PageSegmentController/Pods-TFY_PageSegmentController-frameworks.sh\"\n";
			showEnvVarsInLog = 0;
		};
		A2E237E3B79B519AC8318970 /* [CP] Check Pods Manifest.lock */ = {
			isa = PBXShellScriptBuildPhase;
			buildActionMask = 2147483647;
			files = (
			);
			inputFileListPaths = (
			);
			inputPaths = (
				"${PODS_PODFILE_DIR_PATH}/Podfile.lock",
				"${PODS_ROOT}/Manifest.lock",
			);
			name = "[CP] Check Pods Manifest.lock";
			outputFileListPaths = (
			);
			outputPaths = (
				"$(DERIVED_FILE_DIR)/Pods-TFY_PageSegmentControllerTests-checkManifestLockResult.txt",
			);
			runOnlyForDeploymentPostprocessing = 0;
			shellPath = /bin/sh;
			shellScript = "diff \"${PODS_PODFILE_DIR_PATH}/Podfile.lock\" \"${PODS_ROOT}/Manifest.lock\" > /dev/null\nif [ $? != 0 ] ; then\n    # print error to STDERR\n    echo \"error: The sandbox is not in sync with the Podfile.lock. Run 'pod install' or update your CocoaPods installation.\" >&2\n    exit 1\nfi\n# This output is used by Xcode 'outputs' to avoid re-running this script phase.\necho \"SUCCESS\" > \"${SCRIPT_OUTPUT_FILE_0}\"\n";
			showEnvVarsInLog = 0;
		};
		B300C23FB0DD446031058B75 /* [CP] Embed Pods Frameworks */ = {
			isa = PBXShellScriptBuildPhase;
			buildActionMask = 2147483647;
			files = (
			);
			inputFileListPaths = (
				"${PODS_ROOT}/Target Support Files/Pods-TFY_PageSegmentController-TFY_PageSegmentControllerUITests/Pods-TFY_PageSegmentController-TFY_PageSegmentControllerUITests-frameworks-${CONFIGURATION}-input-files.xcfilelist",
			);
			name = "[CP] Embed Pods Frameworks";
			outputFileListPaths = (
				"${PODS_ROOT}/Target Support Files/Pods-TFY_PageSegmentController-TFY_PageSegmentControllerUITests/Pods-TFY_PageSegmentController-TFY_PageSegmentControllerUITests-frameworks-${CONFIGURATION}-output-files.xcfilelist",
			);
			runOnlyForDeploymentPostprocessing = 0;
			shellPath = /bin/sh;
			shellScript = "\"${PODS_ROOT}/Target Support Files/Pods-TFY_PageSegmentController-TFY_PageSegmentControllerUITests/Pods-TFY_PageSegmentController-TFY_PageSegmentControllerUITests-frameworks.sh\"\n";
			showEnvVarsInLog = 0;
		};
/* End PBXShellScriptBuildPhase section */

/* Begin PBXSourcesBuildPhase section */
		36B7C73525B3DC43005D81DF /* Sources */ = {
			isa = PBXSourcesBuildPhase;
			buildActionMask = 2147483647;
			files = (
				364AE2392A0C9AC5005E3051 /* AllPropertiesVC.m in Sources */,
				364AE2322A0C9AC5005E3051 /* WMZDynamicOperatVC.m in Sources */,
				36B7C78125B3DCAF005D81DF /* AppDelegate.m in Sources */,
				36B7C7A925B3DED7005D81DF /* TFY_PageLoopView.m in Sources */,
				364AE2412A0C9AC5005E3051 /* WMZPageCustomNaviVC.m in Sources */,
				364AE2572A0C9AC6005E3051 /* TitleVC.m in Sources */,
				36B7C77F25B3DCAF005D81DF /* ViewController.m in Sources */,
				36B7C7A625B3DED7005D81DF /* TFY_PageParam.m in Sources */,
				364AE23F2A0C9AC5005E3051 /* WMZCustomTwoPage.m in Sources */,
				364AE2462A0C9AC5005E3051 /* ReplaceParentSonVC.m in Sources */,
				364AE2512A0C9AC5005E3051 /* WMZDemoOneSonVC.m in Sources */,
				36B7C7A825B3DED7005D81DF /* TFY_PageNavBtn.m in Sources */,
				364AE2342A0C9AC5005E3051 /* GuestureViewController.m in Sources */,
				364AE2542A0C9AC5005E3051 /* WMZBackGroundMenuVC.m in Sources */,
				364AE1A62A0C8BF9005E3051 /* TFY_PageDataView.m in Sources */,
				364AE23E2A0C9AC5005E3051 /* WMZFixVC.m in Sources */,
				364AE25B2A0C9AC6005E3051 /* CollectionViewPopDemo.m in Sources */,
				364AE2372A0C9AC5005E3051 /* WMZPageUseViewVC.m in Sources */,
				364AE23A2A0C9AC5005E3051 /* WMZPageFixAllVC.m in Sources */,
				364AE25D2A0C9AC6005E3051 /* TopSuspensionVC.m in Sources */,
				364AE25E2A0C9AC6005E3051 /* TestVC.m in Sources */,
				36B7C7A725B3DED7005D81DF /* TFY_PageMunuView.m in Sources */,
				364AE2362A0C9AC5005E3051 /* WMZAttVC.m in Sources */,
				364AE2492A0C9AC5005E3051 /* WZThirdController.m in Sources */,
				364AE24F2A0C9AC5005E3051 /* WMZCustomAddMenuVC.m in Sources */,
				364AE2402A0C9AC5005E3051 /* WMZHeadScalingVC.m in Sources */,
				364AE2382A0C9AC5005E3051 /* TopSuspensionView.m in Sources */,
				364AE2472A0C9AC5005E3051 /* WangZheController.m in Sources */,
				364AE2532A0C9AC5005E3051 /* WMZPageRadiosVC.m in Sources */,
				364AE23D2A0C9AC5005E3051 /* WMZCustomNormalVC.m in Sources */,
				36B7C78025B3DCAF005D81DF /* SceneDelegate.m in Sources */,
				364AE25F2A0C9AC6005E3051 /* WKViewController.m in Sources */,
				364AE2552A0C9AC5005E3051 /* WMZDemoTwo.m in Sources */,
				364AE2502A0C9AC5005E3051 /* WMZPageTitleRightVC.m in Sources */,
				36B7C7AB25B3DED7005D81DF /* TFY_PageBaseController.m in Sources */,
				36B7C74F25B3DC44005D81DF /* main.m in Sources */,
				364AE2432A0C9AC5005E3051 /* WeiBoController.m in Sources */,
				364AE1AC2A0C94FC005E3051 /* TFY_PageScroller.m in Sources */,
				364AE24E2A0C9AC5005E3051 /* WMZTaoBaoDemo.m in Sources */,
				364AE2422A0C9AC5005E3051 /* WMZCustomOnePage.m in Sources */,
				364AE24D2A0C9AC5005E3051 /* WMZMeiTuanVC.m in Sources */,
				364AE2452A0C9AC5005E3051 /* ReplaceParentVC.m in Sources */,
				364AE2442A0C9AC5005E3051 /* WeiBoSonController.m in Sources */,
				364AE24C2A0C9AC5005E3051 /* WMZMeiTuanSonVC.m in Sources */,
				364AE24B2A0C9AC5005E3051 /* SecondNextSonVC.m in Sources */,
				364AE23C2A0C9AC5005E3051 /* WMZUsePageVC.m in Sources */,
				364AE2522A0C9AC5005E3051 /* WMZDemoOne.m in Sources */,
				364AE23B2A0C9AC5005E3051 /* WMZCustomThreePage.m in Sources */,
				364AE24A2A0C9AC5005E3051 /* SecondNestVC.m in Sources */,
				364AE2332A0C9AC5005E3051 /* UseVC.m in Sources */,
				364AE2482A0C9AC5005E3051 /* WZSecondController.m in Sources */,
				364AE2352A0C9AC5005E3051 /* WMZCustomTitleVC.m in Sources */,
				36B7C7A525B3DED7005D81DF /* TFY_PageTitleModel.m in Sources */,
				364AE25C2A0C9AC6005E3051 /* FixSonVC.m in Sources */,
				364AE1A92A0C9460005E3051 /* TFY_PageBaseView.m in Sources */,
				364AE2582A0C9AC6005E3051 /* UsePageViewController.m in Sources */,
			);
			runOnlyForDeploymentPostprocessing = 0;
		};
		36B7C75025B3DC45005D81DF /* Sources */ = {
			isa = PBXSourcesBuildPhase;
			buildActionMask = 2147483647;
			files = (
				36B7C75925B3DC45005D81DF /* TFY_PageSegmentControllerTests.m in Sources */,
			);
			runOnlyForDeploymentPostprocessing = 0;
		};
		36B7C75B25B3DC45005D81DF /* Sources */ = {
			isa = PBXSourcesBuildPhase;
			buildActionMask = 2147483647;
			files = (
				36B7C76425B3DC45005D81DF /* TFY_PageSegmentControllerUITests.m in Sources */,
			);
			runOnlyForDeploymentPostprocessing = 0;
		};
/* End PBXSourcesBuildPhase section */

/* Begin PBXTargetDependency section */
		36B7C75625B3DC45005D81DF /* PBXTargetDependency */ = {
			isa = PBXTargetDependency;
			target = 36B7C73825B3DC43005D81DF /* TFY_PageSegmentController */;
			targetProxy = 36B7C75525B3DC45005D81DF /* PBXContainerItemProxy */;
		};
		36B7C76125B3DC45005D81DF /* PBXTargetDependency */ = {
			isa = PBXTargetDependency;
			target = 36B7C73825B3DC43005D81DF /* TFY_PageSegmentController */;
			targetProxy = 36B7C76025B3DC45005D81DF /* PBXContainerItemProxy */;
		};
/* End PBXTargetDependency section */

/* Begin PBXVariantGroup section */
		36B7C74A25B3DC44005D81DF /* LaunchScreen.storyboard */ = {
			isa = PBXVariantGroup;
			children = (
				36B7C74B25B3DC44005D81DF /* Base */,
			);
			name = LaunchScreen.storyboard;
			sourceTree = "<group>";
		};
/* End PBXVariantGroup section */

/* Begin XCBuildConfiguration section */
		36B7C76625B3DC45005D81DF /* Debug */ = {
			isa = XCBuildConfiguration;
			buildSettings = {
				ALWAYS_SEARCH_USER_PATHS = NO;
				CLANG_ANALYZER_NONNULL = YES;
				CLANG_ANALYZER_NUMBER_OBJECT_CONVERSION = YES_AGGRESSIVE;
				CLANG_CXX_LANGUAGE_STANDARD = "gnu++14";
				CLANG_CXX_LIBRARY = "libc++";
				CLANG_ENABLE_MODULES = YES;
				CLANG_ENABLE_OBJC_ARC = YES;
				CLANG_ENABLE_OBJC_WEAK = YES;
				CLANG_WARN_BLOCK_CAPTURE_AUTORELEASING = YES;
				CLANG_WARN_BOOL_CONVERSION = YES;
				CLANG_WARN_COMMA = YES;
				CLANG_WARN_CONSTANT_CONVERSION = YES;
				CLANG_WARN_DEPRECATED_OBJC_IMPLEMENTATIONS = YES;
				CLANG_WARN_DIRECT_OBJC_ISA_USAGE = YES_ERROR;
				CLANG_WARN_DOCUMENTATION_COMMENTS = YES;
				CLANG_WARN_EMPTY_BODY = YES;
				CLANG_WARN_ENUM_CONVERSION = YES;
				CLANG_WARN_INFINITE_RECURSION = YES;
				CLANG_WARN_INT_CONVERSION = YES;
				CLANG_WARN_NON_LITERAL_NULL_CONVERSION = YES;
				CLANG_WARN_OBJC_IMPLICIT_RETAIN_SELF = YES;
				CLANG_WARN_OBJC_LITERAL_CONVERSION = YES;
				CLANG_WARN_OBJC_ROOT_CLASS = YES_ERROR;
				CLANG_WARN_QUOTED_INCLUDE_IN_FRAMEWORK_HEADER = YES;
				CLANG_WARN_RANGE_LOOP_ANALYSIS = YES;
				CLANG_WARN_STRICT_PROTOTYPES = YES;
				CLANG_WARN_SUSPICIOUS_MOVE = YES;
				CLANG_WARN_UNGUARDED_AVAILABILITY = YES_AGGRESSIVE;
				CLANG_WARN_UNREACHABLE_CODE = YES;
				CLANG_WARN__DUPLICATE_METHOD_MATCH = YES;
				COPY_PHASE_STRIP = NO;
				DEBUG_INFORMATION_FORMAT = dwarf;
				ENABLE_STRICT_OBJC_MSGSEND = YES;
				ENABLE_TESTABILITY = YES;
				GCC_C_LANGUAGE_STANDARD = gnu11;
				GCC_DYNAMIC_NO_PIC = NO;
				GCC_NO_COMMON_BLOCKS = YES;
				GCC_OPTIMIZATION_LEVEL = 0;
				GCC_PREPROCESSOR_DEFINITIONS = (
					"DEBUG=1",
					"$(inherited)",
				);
				GCC_WARN_64_TO_32_BIT_CONVERSION = YES;
				GCC_WARN_ABOUT_RETURN_TYPE = YES_ERROR;
				GCC_WARN_UNDECLARED_SELECTOR = YES;
				GCC_WARN_UNINITIALIZED_AUTOS = YES_AGGRESSIVE;
				GCC_WARN_UNUSED_FUNCTION = YES;
				GCC_WARN_UNUSED_VARIABLE = YES;
				IPHONEOS_DEPLOYMENT_TARGET = 14.3;
				MTL_ENABLE_DEBUG_INFO = INCLUDE_SOURCE;
				MTL_FAST_MATH = YES;
				ONLY_ACTIVE_ARCH = YES;
				SDKROOT = iphoneos;
			};
			name = Debug;
		};
		36B7C76725B3DC45005D81DF /* Release */ = {
			isa = XCBuildConfiguration;
			buildSettings = {
				ALWAYS_SEARCH_USER_PATHS = NO;
				CLANG_ANALYZER_NONNULL = YES;
				CLANG_ANALYZER_NUMBER_OBJECT_CONVERSION = YES_AGGRESSIVE;
				CLANG_CXX_LANGUAGE_STANDARD = "gnu++14";
				CLANG_CXX_LIBRARY = "libc++";
				CLANG_ENABLE_MODULES = YES;
				CLANG_ENABLE_OBJC_ARC = YES;
				CLANG_ENABLE_OBJC_WEAK = YES;
				CLANG_WARN_BLOCK_CAPTURE_AUTORELEASING = YES;
				CLANG_WARN_BOOL_CONVERSION = YES;
				CLANG_WARN_COMMA = YES;
				CLANG_WARN_CONSTANT_CONVERSION = YES;
				CLANG_WARN_DEPRECATED_OBJC_IMPLEMENTATIONS = YES;
				CLANG_WARN_DIRECT_OBJC_ISA_USAGE = YES_ERROR;
				CLANG_WARN_DOCUMENTATION_COMMENTS = YES;
				CLANG_WARN_EMPTY_BODY = YES;
				CLANG_WARN_ENUM_CONVERSION = YES;
				CLANG_WARN_INFINITE_RECURSION = YES;
				CLANG_WARN_INT_CONVERSION = YES;
				CLANG_WARN_NON_LITERAL_NULL_CONVERSION = YES;
				CLANG_WARN_OBJC_IMPLICIT_RETAIN_SELF = YES;
				CLANG_WARN_OBJC_LITERAL_CONVERSION = YES;
				CLANG_WARN_OBJC_ROOT_CLASS = YES_ERROR;
				CLANG_WARN_QUOTED_INCLUDE_IN_FRAMEWORK_HEADER = YES;
				CLANG_WARN_RANGE_LOOP_ANALYSIS = YES;
				CLANG_WARN_STRICT_PROTOTYPES = YES;
				CLANG_WARN_SUSPICIOUS_MOVE = YES;
				CLANG_WARN_UNGUARDED_AVAILABILITY = YES_AGGRESSIVE;
				CLANG_WARN_UNREACHABLE_CODE = YES;
				CLANG_WARN__DUPLICATE_METHOD_MATCH = YES;
				COPY_PHASE_STRIP = NO;
				DEBUG_INFORMATION_FORMAT = "dwarf-with-dsym";
				ENABLE_NS_ASSERTIONS = NO;
				ENABLE_STRICT_OBJC_MSGSEND = YES;
				GCC_C_LANGUAGE_STANDARD = gnu11;
				GCC_NO_COMMON_BLOCKS = YES;
				GCC_WARN_64_TO_32_BIT_CONVERSION = YES;
				GCC_WARN_ABOUT_RETURN_TYPE = YES_ERROR;
				GCC_WARN_UNDECLARED_SELECTOR = YES;
				GCC_WARN_UNINITIALIZED_AUTOS = YES_AGGRESSIVE;
				GCC_WARN_UNUSED_FUNCTION = YES;
				GCC_WARN_UNUSED_VARIABLE = YES;
				IPHONEOS_DEPLOYMENT_TARGET = 14.3;
				MTL_ENABLE_DEBUG_INFO = NO;
				MTL_FAST_MATH = YES;
				SDKROOT = iphoneos;
				VALIDATE_PRODUCT = YES;
			};
			name = Release;
		};
		36B7C76925B3DC45005D81DF /* Debug */ = {
			isa = XCBuildConfiguration;
			baseConfigurationReference = 239D48CDD5B05914FF3E2A00 /* Pods-TFY_PageSegmentController.debug.xcconfig */;
			buildSettings = {
				ASSETCATALOG_COMPILER_APPICON_NAME = AppIcon;
				ASSETCATALOG_COMPILER_GLOBAL_ACCENT_COLOR_NAME = AccentColor;
				CODE_SIGN_STYLE = Automatic;
				DEVELOPMENT_TEAM = QH95759TSS;
				GCC_PRECOMPILE_PREFIX_HEADER = YES;
				GCC_PREFIX_HEADER = TFY_PageSegmentController/PCH/TFY_PrefixHeader.pch;
				INFOPLIST_FILE = TFY_PageSegmentController/Info.plist;
				IPHONEOS_DEPLOYMENT_TARGET = 12.0;
				LD_RUNPATH_SEARCH_PATHS = (
					"$(inherited)",
					"@executable_path/Frameworks",
				);
				PRODUCT_BUNDLE_IDENTIFIER = "com.message.TFY-PageSegmentController";
				PRODUCT_NAME = "$(TARGET_NAME)";
				TARGETED_DEVICE_FAMILY = "1,2";
			};
			name = Debug;
		};
		36B7C76A25B3DC45005D81DF /* Release */ = {
			isa = XCBuildConfiguration;
			baseConfigurationReference = 228E7B02EF52CD09E47AE9BC /* Pods-TFY_PageSegmentController.release.xcconfig */;
			buildSettings = {
				ASSETCATALOG_COMPILER_APPICON_NAME = AppIcon;
				ASSETCATALOG_COMPILER_GLOBAL_ACCENT_COLOR_NAME = AccentColor;
				CODE_SIGN_STYLE = Automatic;
				DEVELOPMENT_TEAM = QH95759TSS;
				GCC_PRECOMPILE_PREFIX_HEADER = YES;
				GCC_PREFIX_HEADER = TFY_PageSegmentController/PCH/TFY_PrefixHeader.pch;
				INFOPLIST_FILE = TFY_PageSegmentController/Info.plist;
				IPHONEOS_DEPLOYMENT_TARGET = 12.0;
				LD_RUNPATH_SEARCH_PATHS = (
					"$(inherited)",
					"@executable_path/Frameworks",
				);
				PRODUCT_BUNDLE_IDENTIFIER = "com.message.TFY-PageSegmentController";
				PRODUCT_NAME = "$(TARGET_NAME)";
				TARGETED_DEVICE_FAMILY = "1,2";
			};
			name = Release;
		};
		36B7C76C25B3DC45005D81DF /* Debug */ = {
			isa = XCBuildConfiguration;
			baseConfigurationReference = 70AA2D33212117BD59357003 /* Pods-TFY_PageSegmentControllerTests.debug.xcconfig */;
			buildSettings = {
				BUNDLE_LOADER = "$(TEST_HOST)";
				CODE_SIGN_STYLE = Automatic;
				DEVELOPMENT_TEAM = QH95759TSS;
				INFOPLIST_FILE = TFY_PageSegmentControllerTests/Info.plist;
				IPHONEOS_DEPLOYMENT_TARGET = 14.3;
				LD_RUNPATH_SEARCH_PATHS = (
					"$(inherited)",
					"@executable_path/Frameworks",
					"@loader_path/Frameworks",
				);
				PRODUCT_BUNDLE_IDENTIFIER = "com.message.TFY-PageSegmentControllerTests";
				PRODUCT_NAME = "$(TARGET_NAME)";
				TARGETED_DEVICE_FAMILY = "1,2";
				TEST_HOST = "$(BUILT_PRODUCTS_DIR)/TFY_PageSegmentController.app/TFY_PageSegmentController";
			};
			name = Debug;
		};
		36B7C76D25B3DC45005D81DF /* Release */ = {
			isa = XCBuildConfiguration;
			baseConfigurationReference = 5A9B62B594E83D55F31799D4 /* Pods-TFY_PageSegmentControllerTests.release.xcconfig */;
			buildSettings = {
				BUNDLE_LOADER = "$(TEST_HOST)";
				CODE_SIGN_STYLE = Automatic;
				DEVELOPMENT_TEAM = QH95759TSS;
				INFOPLIST_FILE = TFY_PageSegmentControllerTests/Info.plist;
				IPHONEOS_DEPLOYMENT_TARGET = 14.3;
				LD_RUNPATH_SEARCH_PATHS = (
					"$(inherited)",
					"@executable_path/Frameworks",
					"@loader_path/Frameworks",
				);
				PRODUCT_BUNDLE_IDENTIFIER = "com.message.TFY-PageSegmentControllerTests";
				PRODUCT_NAME = "$(TARGET_NAME)";
				TARGETED_DEVICE_FAMILY = "1,2";
				TEST_HOST = "$(BUILT_PRODUCTS_DIR)/TFY_PageSegmentController.app/TFY_PageSegmentController";
			};
			name = Release;
		};
		36B7C76F25B3DC45005D81DF /* Debug */ = {
			isa = XCBuildConfiguration;
			baseConfigurationReference = 71CF4FA7DEB015A3FAE6AEEB /* Pods-TFY_PageSegmentController-TFY_PageSegmentControllerUITests.debug.xcconfig */;
			buildSettings = {
				CODE_SIGN_STYLE = Automatic;
				DEVELOPMENT_TEAM = QH95759TSS;
				INFOPLIST_FILE = TFY_PageSegmentControllerUITests/Info.plist;
				LD_RUNPATH_SEARCH_PATHS = (
					"$(inherited)",
					"@executable_path/Frameworks",
					"@loader_path/Frameworks",
				);
				PRODUCT_BUNDLE_IDENTIFIER = "com.message.TFY-PageSegmentControllerUITests";
				PRODUCT_NAME = "$(TARGET_NAME)";
				TARGETED_DEVICE_FAMILY = "1,2";
				TEST_TARGET_NAME = TFY_PageSegmentController;
			};
			name = Debug;
		};
		36B7C77025B3DC45005D81DF /* Release */ = {
			isa = XCBuildConfiguration;
			baseConfigurationReference = 3A562279C53CB0881F6A8BD4 /* Pods-TFY_PageSegmentController-TFY_PageSegmentControllerUITests.release.xcconfig */;
			buildSettings = {
				CODE_SIGN_STYLE = Automatic;
				DEVELOPMENT_TEAM = QH95759TSS;
				INFOPLIST_FILE = TFY_PageSegmentControllerUITests/Info.plist;
				LD_RUNPATH_SEARCH_PATHS = (
					"$(inherited)",
					"@executable_path/Frameworks",
					"@loader_path/Frameworks",
				);
				PRODUCT_BUNDLE_IDENTIFIER = "com.message.TFY-PageSegmentControllerUITests";
				PRODUCT_NAME = "$(TARGET_NAME)";
				TARGETED_DEVICE_FAMILY = "1,2";
				TEST_TARGET_NAME = TFY_PageSegmentController;
			};
			name = Release;
		};
/* End XCBuildConfiguration section */

/* Begin XCConfigurationList section */
		36B7C73425B3DC43005D81DF /* Build configuration list for PBXProject "TFY_PageSegmentController" */ = {
			isa = XCConfigurationList;
			buildConfigurations = (
				36B7C76625B3DC45005D81DF /* Debug */,
				36B7C76725B3DC45005D81DF /* Release */,
			);
			defaultConfigurationIsVisible = 0;
			defaultConfigurationName = Release;
		};
		36B7C76825B3DC45005D81DF /* Build configuration list for PBXNativeTarget "TFY_PageSegmentController" */ = {
			isa = XCConfigurationList;
			buildConfigurations = (
				36B7C76925B3DC45005D81DF /* Debug */,
				36B7C76A25B3DC45005D81DF /* Release */,
			);
			defaultConfigurationIsVisible = 0;
			defaultConfigurationName = Release;
		};
		36B7C76B25B3DC45005D81DF /* Build configuration list for PBXNativeTarget "TFY_PageSegmentControllerTests" */ = {
			isa = XCConfigurationList;
			buildConfigurations = (
				36B7C76C25B3DC45005D81DF /* Debug */,
				36B7C76D25B3DC45005D81DF /* Release */,
			);
			defaultConfigurationIsVisible = 0;
			defaultConfigurationName = Release;
		};
		36B7C76E25B3DC45005D81DF /* Build configuration list for PBXNativeTarget "TFY_PageSegmentControllerUITests" */ = {
			isa = XCConfigurationList;
			buildConfigurations = (
				36B7C76F25B3DC45005D81DF /* Debug */,
				36B7C77025B3DC45005D81DF /* Release */,
			);
			defaultConfigurationIsVisible = 0;
			defaultConfigurationName = Release;
		};
/* End XCConfigurationList section */
	};
	rootObject = 36B7C73125B3DC43005D81DF /* Project object */;
}
